// !$*UTF8*$!
{
	archiveVersion = 1;
	classes = {
	};
	objectVersion = 46;
	objects = {

/* Begin PBXAggregateTarget section */
		4D98BC8317624AAB004FA922 /* SimplifyFramework */ = {
			isa = PBXAggregateTarget;
			buildConfigurationList = 4D98BC8617624AAB004FA922 /* Build configuration list for PBXAggregateTarget "SimplifyFramework" */;
			buildPhases = (
				4D98BC8917624AC5004FA922 /* ShellScript */,
			);
			dependencies = (
				4D98BC9C17625C3D004FA922 /* PBXTargetDependency */,
				4D98BC8817624AB7004FA922 /* PBXTargetDependency */,
			);
			name = SimplifyFramework;
			productName = SimplifyFramework;
		};
/* End PBXAggregateTarget section */

/* Begin PBXBuildFile section */
		4D412DA81767D764002A20D7 /* SIMLuhnValidator.m in Sources */ = {isa = PBXBuildFile; fileRef = 4D49D82A176766D90046E638 /* SIMLuhnValidator.m */; };
		4D412DA91767D779002A20D7 /* SIMCreditCardValidator.m in Sources */ = {isa = PBXBuildFile; fileRef = 4D67091F1762687800729623 /* SIMCreditCardValidator.m */; };
		4D412DAA1767D77E002A20D7 /* SIMCreditCardValidator.m in Sources */ = {isa = PBXBuildFile; fileRef = 4D67091F1762687800729623 /* SIMCreditCardValidator.m */; };
		4D49D82B176766D90046E638 /* SIMLuhnValidator.h in Headers */ = {isa = PBXBuildFile; fileRef = 4D49D829176766D90046E638 /* SIMLuhnValidator.h */; settings = {ATTRIBUTES = (Public, ); }; };
		4D49D8341767671C0046E638 /* SIMLuhnValidatorTest.m in Sources */ = {isa = PBXBuildFile; fileRef = 4D49D8301767671C0046E638 /* SIMLuhnValidatorTest.m */; };
		4D49D83717676D9F0046E638 /* SIMCurrentTimeProvider.h in Headers */ = {isa = PBXBuildFile; fileRef = 4D49D83517676D9F0046E638 /* SIMCurrentTimeProvider.h */; };
		4D49D83817676D9F0046E638 /* SIMCurrentTimeProvider.m in Sources */ = {isa = PBXBuildFile; fileRef = 4D49D83617676D9F0046E638 /* SIMCurrentTimeProvider.m */; };
		4D49D83917676D9F0046E638 /* SIMCurrentTimeProvider.m in Sources */ = {isa = PBXBuildFile; fileRef = 4D49D83617676D9F0046E638 /* SIMCurrentTimeProvider.m */; };
		4D49D83A17676D9F0046E638 /* SIMCurrentTimeProvider.m in Sources */ = {isa = PBXBuildFile; fileRef = 4D49D83617676D9F0046E638 /* SIMCurrentTimeProvider.m */; };
		4D49D844176788F10046E638 /* american_express_32.png in Resources */ = {isa = PBXBuildFile; fileRef = 4D49D83B176788F10046E638 /* american_express_32.png */; };
		4D49D845176788F10046E638 /* card_back_32.png in Resources */ = {isa = PBXBuildFile; fileRef = 4D49D83C176788F10046E638 /* card_back_32.png */; };
		4D49D846176788F10046E638 /* china_union_pay_32.png in Resources */ = {isa = PBXBuildFile; fileRef = 4D49D83D176788F10046E638 /* china_union_pay_32.png */; };
		4D49D847176788F10046E638 /* diners_club_32.png in Resources */ = {isa = PBXBuildFile; fileRef = 4D49D83E176788F10046E638 /* diners_club_32.png */; };
		4D49D848176788F10046E638 /* discover_32.png in Resources */ = {isa = PBXBuildFile; fileRef = 4D49D83F176788F10046E638 /* discover_32.png */; };
		4D49D849176788F10046E638 /* jcb_32.png in Resources */ = {isa = PBXBuildFile; fileRef = 4D49D840176788F10046E638 /* jcb_32.png */; };
		4D49D84B176788F10046E638 /* mastercard_32.png in Resources */ = {isa = PBXBuildFile; fileRef = 4D49D842176788F10046E638 /* mastercard_32.png */; };
		4D49D84C176788F10046E638 /* visa_32.png in Resources */ = {isa = PBXBuildFile; fileRef = 4D49D843176788F10046E638 /* visa_32.png */; };
		4D49D8561767A63D0046E638 /* UIView+Additions.h in Headers */ = {isa = PBXBuildFile; fileRef = 4D49D8541767A63D0046E638 /* UIView+Additions.h */; };
		4D49D8571767A63D0046E638 /* UIView+Additions.m in Sources */ = {isa = PBXBuildFile; fileRef = 4D49D8551767A63D0046E638 /* UIView+Additions.m */; };
		4D49D8581767A63D0046E638 /* UIView+Additions.m in Sources */ = {isa = PBXBuildFile; fileRef = 4D49D8551767A63D0046E638 /* UIView+Additions.m */; };
		4D49D8591767A63D0046E638 /* UIView+Additions.m in Sources */ = {isa = PBXBuildFile; fileRef = 4D49D8551767A63D0046E638 /* UIView+Additions.m */; };
		4D49D8651767BB1E0046E638 /* Simplify.bundle in Resources */ = {isa = PBXBuildFile; fileRef = 4D98BC8E176258FE004FA922 /* Simplify.bundle */; };
		4D49D8681767BE750046E638 /* UIColor+Additions.h in Headers */ = {isa = PBXBuildFile; fileRef = 4D49D8661767BE750046E638 /* UIColor+Additions.h */; };
		4D49D8691767BE750046E638 /* UIColor+Additions.m in Sources */ = {isa = PBXBuildFile; fileRef = 4D49D8671767BE750046E638 /* UIColor+Additions.m */; };
		4D49D86A1767BE750046E638 /* UIColor+Additions.m in Sources */ = {isa = PBXBuildFile; fileRef = 4D49D8671767BE750046E638 /* UIColor+Additions.m */; };
		4D49D86B1767BE750046E638 /* UIColor+Additions.m in Sources */ = {isa = PBXBuildFile; fileRef = 4D49D8671767BE750046E638 /* UIColor+Additions.m */; };
		4D49D8721767C5840046E638 /* SIMGradientView.h in Headers */ = {isa = PBXBuildFile; fileRef = 4D49D86C1767C5840046E638 /* SIMGradientView.h */; };
		4D49D8731767C5840046E638 /* SIMGradientView.m in Sources */ = {isa = PBXBuildFile; fileRef = 4D49D86D1767C5840046E638 /* SIMGradientView.m */; };
		4D49D8741767C5840046E638 /* SIMGradientView.m in Sources */ = {isa = PBXBuildFile; fileRef = 4D49D86D1767C5840046E638 /* SIMGradientView.m */; };
		4D49D8751767C5840046E638 /* SIMGradientView.m in Sources */ = {isa = PBXBuildFile; fileRef = 4D49D86D1767C5840046E638 /* SIMGradientView.m */; };
		4D49D8761767C5840046E638 /* SIMHighlightView.h in Headers */ = {isa = PBXBuildFile; fileRef = 4D49D86E1767C5840046E638 /* SIMHighlightView.h */; };
		4D49D8771767C5840046E638 /* SIMHighlightView.m in Sources */ = {isa = PBXBuildFile; fileRef = 4D49D86F1767C5840046E638 /* SIMHighlightView.m */; };
		4D49D8781767C5840046E638 /* SIMHighlightView.m in Sources */ = {isa = PBXBuildFile; fileRef = 4D49D86F1767C5840046E638 /* SIMHighlightView.m */; };
		4D49D8791767C5840046E638 /* SIMHighlightView.m in Sources */ = {isa = PBXBuildFile; fileRef = 4D49D86F1767C5840046E638 /* SIMHighlightView.m */; };
		4D49D87A1767C5840046E638 /* SIMLayeredButton.h in Headers */ = {isa = PBXBuildFile; fileRef = 4D49D8701767C5840046E638 /* SIMLayeredButton.h */; };
		4D49D87B1767C5840046E638 /* SIMLayeredButton.m in Sources */ = {isa = PBXBuildFile; fileRef = 4D49D8711767C5840046E638 /* SIMLayeredButton.m */; };
		4D49D87C1767C5840046E638 /* SIMLayeredButton.m in Sources */ = {isa = PBXBuildFile; fileRef = 4D49D8711767C5840046E638 /* SIMLayeredButton.m */; };
		4D49D87D1767C5840046E638 /* SIMLayeredButton.m in Sources */ = {isa = PBXBuildFile; fileRef = 4D49D8711767C5840046E638 /* SIMLayeredButton.m */; };
		4D49D8801767C82A0046E638 /* SIMShapeView.h in Headers */ = {isa = PBXBuildFile; fileRef = 4D49D87E1767C82A0046E638 /* SIMShapeView.h */; };
		4D49D8811767C82A0046E638 /* SIMShapeView.m in Sources */ = {isa = PBXBuildFile; fileRef = 4D49D87F1767C82A0046E638 /* SIMShapeView.m */; };
		4D49D8821767C82A0046E638 /* SIMShapeView.m in Sources */ = {isa = PBXBuildFile; fileRef = 4D49D87F1767C82A0046E638 /* SIMShapeView.m */; };
		4D49D8831767C82A0046E638 /* SIMShapeView.m in Sources */ = {isa = PBXBuildFile; fileRef = 4D49D87F1767C82A0046E638 /* SIMShapeView.m */; };
		4D49D8841767C8BE0046E638 /* QuartzCore.framework in Frameworks */ = {isa = PBXBuildFile; fileRef = 4D67091C1762675200729623 /* QuartzCore.framework */; };
		4D67091B1762673A00729623 /* GHUnitIOS.framework in Frameworks */ = {isa = PBXBuildFile; fileRef = 4D67091A1762673A00729623 /* GHUnitIOS.framework */; };
		4D67091D1762675200729623 /* QuartzCore.framework in Frameworks */ = {isa = PBXBuildFile; fileRef = 4D67091C1762675200729623 /* QuartzCore.framework */; };
		4D6709201762687800729623 /* SIMCreditCardValidator.h in Headers */ = {isa = PBXBuildFile; fileRef = 4D67091E1762687800729623 /* SIMCreditCardValidator.h */; settings = {ATTRIBUTES = (Public, ); }; };
		4D6709211762687800729623 /* SIMCreditCardValidator.m in Sources */ = {isa = PBXBuildFile; fileRef = 4D67091F1762687800729623 /* SIMCreditCardValidator.m */; };
		4D67092C17626BAE00729623 /* SIMAbstractAsyncTestCase.m in Sources */ = {isa = PBXBuildFile; fileRef = 4D67092917626BAD00729623 /* SIMAbstractAsyncTestCase.m */; };
		4D67092D17626BAE00729623 /* SIMAbstractTestCase.m in Sources */ = {isa = PBXBuildFile; fileRef = 4D67092B17626BAE00729623 /* SIMAbstractTestCase.m */; };
		4D67092F17626C5B00729623 /* libOCMock.a in Frameworks */ = {isa = PBXBuildFile; fileRef = 4D67092E17626C5B00729623 /* libOCMock.a */; };
		4D67094C17626D8300729623 /* SIMCreditCardValidatorTest.m in Sources */ = {isa = PBXBuildFile; fileRef = 4D67094B17626D8300729623 /* SIMCreditCardValidatorTest.m */; };
		4D67095017662A4400729623 /* NSString+Simplify.h in Headers */ = {isa = PBXBuildFile; fileRef = 4D67094E17662A4400729623 /* NSString+Simplify.h */; };
		4D67095117662A4400729623 /* NSString+Simplify.m in Sources */ = {isa = PBXBuildFile; fileRef = 4D67094F17662A4400729623 /* NSString+Simplify.m */; };
		4D67095217662A4400729623 /* NSString+Simplify.m in Sources */ = {isa = PBXBuildFile; fileRef = 4D67094F17662A4400729623 /* NSString+Simplify.m */; };
		4D67095317662A4400729623 /* NSString+Simplify.m in Sources */ = {isa = PBXBuildFile; fileRef = 4D67094F17662A4400729623 /* NSString+Simplify.m */; };
		4D67095417662A5A00729623 /* Simplify.m in Sources */ = {isa = PBXBuildFile; fileRef = 4DDB653D17623DD800871923 /* Simplify.m */; };
		4D67095517662A5B00729623 /* Simplify.m in Sources */ = {isa = PBXBuildFile; fileRef = 4DDB653D17623DD800871923 /* Simplify.m */; };
		4D67095617662A5D00729623 /* SimplifyPrivate.m in Sources */ = {isa = PBXBuildFile; fileRef = 4D98BC9E17625D88004FA922 /* SimplifyPrivate.m */; };
		4D67095717662A5E00729623 /* SimplifyPrivate.m in Sources */ = {isa = PBXBuildFile; fileRef = 4D98BC9E17625D88004FA922 /* SimplifyPrivate.m */; };
		4D6709771766634000729623 /* OpenSans-Bold.ttf in Resources */ = {isa = PBXBuildFile; fileRef = 4D67096D1766634000729623 /* OpenSans-Bold.ttf */; };
		4D6709781766634000729623 /* OpenSans-BoldItalic.ttf in Resources */ = {isa = PBXBuildFile; fileRef = 4D67096E1766634000729623 /* OpenSans-BoldItalic.ttf */; };
		4D6709791766634000729623 /* OpenSans-ExtraBold.ttf in Resources */ = {isa = PBXBuildFile; fileRef = 4D67096F1766634000729623 /* OpenSans-ExtraBold.ttf */; };
		4D67097A1766634000729623 /* OpenSans-ExtraBoldItalic.ttf in Resources */ = {isa = PBXBuildFile; fileRef = 4D6709701766634000729623 /* OpenSans-ExtraBoldItalic.ttf */; };
		4D67097B1766634000729623 /* OpenSans-Italic.ttf in Resources */ = {isa = PBXBuildFile; fileRef = 4D6709711766634000729623 /* OpenSans-Italic.ttf */; };
		4D67097C1766634000729623 /* OpenSans-Light.ttf in Resources */ = {isa = PBXBuildFile; fileRef = 4D6709721766634000729623 /* OpenSans-Light.ttf */; };
		4D67097D1766634000729623 /* OpenSans-LightItalic.ttf in Resources */ = {isa = PBXBuildFile; fileRef = 4D6709731766634000729623 /* OpenSans-LightItalic.ttf */; };
		4D67097E1766634000729623 /* OpenSans-Regular.ttf in Resources */ = {isa = PBXBuildFile; fileRef = 4D6709741766634000729623 /* OpenSans-Regular.ttf */; };
		4D67097F1766634000729623 /* OpenSans-Semibold.ttf in Resources */ = {isa = PBXBuildFile; fileRef = 4D6709751766634000729623 /* OpenSans-Semibold.ttf */; };
		4D6709801766634000729623 /* OpenSans-SemiboldItalic.ttf in Resources */ = {isa = PBXBuildFile; fileRef = 4D6709761766634000729623 /* OpenSans-SemiboldItalic.ttf */; };
		4D98BC90176258FE004FA922 /* CoreFoundation.framework in Frameworks */ = {isa = PBXBuildFile; fileRef = 4D98BC8F176258FE004FA922 /* CoreFoundation.framework */; };
		4D98BC96176258FE004FA922 /* InfoPlist.strings in Resources */ = {isa = PBXBuildFile; fileRef = 4D98BC94176258FE004FA922 /* InfoPlist.strings */; };
		4D98BC9F17625D88004FA922 /* SimplifyPrivate.h in Headers */ = {isa = PBXBuildFile; fileRef = 4D98BC9D17625D88004FA922 /* SimplifyPrivate.h */; };
		4D98BCA017625D88004FA922 /* SimplifyPrivate.m in Sources */ = {isa = PBXBuildFile; fileRef = 4D98BC9E17625D88004FA922 /* SimplifyPrivate.m */; };
		4D98BCA817626380004FA922 /* UIKit.framework in Frameworks */ = {isa = PBXBuildFile; fileRef = 4D98BCA717626380004FA922 /* UIKit.framework */; };
		4D98BCA917626380004FA922 /* Foundation.framework in Frameworks */ = {isa = PBXBuildFile; fileRef = 4DDB653617623DD800871923 /* Foundation.framework */; };
		4D98BCAB17626380004FA922 /* CoreGraphics.framework in Frameworks */ = {isa = PBXBuildFile; fileRef = 4D98BCAA17626380004FA922 /* CoreGraphics.framework */; };
		4D98BCB117626380004FA922 /* InfoPlist.strings in Resources */ = {isa = PBXBuildFile; fileRef = 4D98BCAF17626380004FA922 /* InfoPlist.strings */; };
		4D98BCB317626380004FA922 /* main.m in Sources */ = {isa = PBXBuildFile; fileRef = 4D98BCB217626380004FA922 /* main.m */; };
		4D98BCB717626380004FA922 /* SIMAppDelegate.m in Sources */ = {isa = PBXBuildFile; fileRef = 4D98BCB617626380004FA922 /* SIMAppDelegate.m */; };
		4D98BCB917626380004FA922 /* Default.png in Resources */ = {isa = PBXBuildFile; fileRef = 4D98BCB817626380004FA922 /* Default.png */; };
		4D98BCBB17626380004FA922 /* Default@2x.png in Resources */ = {isa = PBXBuildFile; fileRef = 4D98BCBA17626380004FA922 /* Default@2x.png */; };
		4D98BCBD17626380004FA922 /* Default-568h@2x.png in Resources */ = {isa = PBXBuildFile; fileRef = 4D98BCBC17626380004FA922 /* Default-568h@2x.png */; };
		4D98BCE61762654C004FA922 /* UIKit.framework in Frameworks */ = {isa = PBXBuildFile; fileRef = 4D98BCA717626380004FA922 /* UIKit.framework */; };
		4D98BCE71762654C004FA922 /* Foundation.framework in Frameworks */ = {isa = PBXBuildFile; fileRef = 4DDB653617623DD800871923 /* Foundation.framework */; };
		4D98BCE81762654C004FA922 /* CoreGraphics.framework in Frameworks */ = {isa = PBXBuildFile; fileRef = 4D98BCAA17626380004FA922 /* CoreGraphics.framework */; };
		4D98BCEE1762654C004FA922 /* InfoPlist.strings in Resources */ = {isa = PBXBuildFile; fileRef = 4D98BCEC1762654C004FA922 /* InfoPlist.strings */; };
		4D98BCF01762654C004FA922 /* main.m in Sources */ = {isa = PBXBuildFile; fileRef = 4D98BCEF1762654C004FA922 /* main.m */; };
		4D98BCF41762654C004FA922 /* SIMAppDelegate.m in Sources */ = {isa = PBXBuildFile; fileRef = 4D98BCF31762654C004FA922 /* SIMAppDelegate.m */; };
		4D98BCF61762654C004FA922 /* Default.png in Resources */ = {isa = PBXBuildFile; fileRef = 4D98BCF51762654C004FA922 /* Default.png */; };
		4D98BCF81762654C004FA922 /* Default@2x.png in Resources */ = {isa = PBXBuildFile; fileRef = 4D98BCF71762654C004FA922 /* Default@2x.png */; };
		4D98BCFA1762654C004FA922 /* Default-568h@2x.png in Resources */ = {isa = PBXBuildFile; fileRef = 4D98BCF91762654C004FA922 /* Default-568h@2x.png */; };
		4DDB653717623DD800871923 /* Foundation.framework in Frameworks */ = {isa = PBXBuildFile; fileRef = 4DDB653617623DD800871923 /* Foundation.framework */; };
		4DDB653C17623DD800871923 /* Simplify.h in CopyFiles */ = {isa = PBXBuildFile; fileRef = 4DDB653B17623DD800871923 /* Simplify.h */; };
		4DDB653E17623DD800871923 /* Simplify.m in Sources */ = {isa = PBXBuildFile; fileRef = 4DDB653D17623DD800871923 /* Simplify.m */; };
		4DDB65451762440800871923 /* Simplify.h in Headers */ = {isa = PBXBuildFile; fileRef = 4DDB653B17623DD800871923 /* Simplify.h */; settings = {ATTRIBUTES = (Public, ); }; };
		4DDFADDB1767D90F0030CCD5 /* SIMLuhnValidator.m in Sources */ = {isa = PBXBuildFile; fileRef = 4D49D82A176766D90046E638 /* SIMLuhnValidator.m */; };
		4DDFADDD1767DC000030CCD5 /* SIMLuhnValidator.m in Sources */ = {isa = PBXBuildFile; fileRef = 4D49D82A176766D90046E638 /* SIMLuhnValidator.m */; };
		4DE8866A17692DF200E60C81 /* SIMTextField.h in Headers */ = {isa = PBXBuildFile; fileRef = 4DE8866817692DF200E60C81 /* SIMTextField.h */; };
		4DE8866B17692DF200E60C81 /* SIMTextField.m in Sources */ = {isa = PBXBuildFile; fileRef = 4DE8866917692DF200E60C81 /* SIMTextField.m */; };
		4DE8866C17692DF200E60C81 /* SIMTextField.m in Sources */ = {isa = PBXBuildFile; fileRef = 4DE8866917692DF200E60C81 /* SIMTextField.m */; };
		4DE8866D17692DF200E60C81 /* SIMTextField.m in Sources */ = {isa = PBXBuildFile; fileRef = 4DE8866917692DF200E60C81 /* SIMTextField.m */; };
		74A6EC701768C3C80025F307 /* SIMCreditCardNetwork.m in Sources */ = {isa = PBXBuildFile; fileRef = AA19FC71F2316AF9B7318C56 /* SIMCreditCardNetwork.m */; };
		74A6EC711768C3CD0025F307 /* SIMCardToken.m in Sources */ = {isa = PBXBuildFile; fileRef = AA19F5E3C27389C64E973CC4 /* SIMCardToken.m */; };
		74F8D8E21767CB21006FB417 /* SIMCreditCardNetwork.m in Sources */ = {isa = PBXBuildFile; fileRef = AA19FC71F2316AF9B7318C56 /* SIMCreditCardNetwork.m */; };
		AA19F0154721DCEFDAA34FE9 /* SIMAddressEntryView.m in Sources */ = {isa = PBXBuildFile; fileRef = AA19FE6DD29159F71276F39E /* SIMAddressEntryView.m */; };
		AA19F11EC8CB1F4AAEBD6460 /* SIMTextFieldModel.m in Sources */ = {isa = PBXBuildFile; fileRef = AA19F383ADE136ACA9D44767 /* SIMTextFieldModel.m */; };
		AA19F1791C3BD8726C9F4A5B /* SIMTextFieldFactory.h in Headers */ = {isa = PBXBuildFile; fileRef = AA19F96C175B77B3446C3903 /* SIMTextFieldFactory.h */; };
		AA19F19C96CB81F586FE1CF9 /* SIMTextFieldModel.m in Sources */ = {isa = PBXBuildFile; fileRef = AA19F383ADE136ACA9D44767 /* SIMTextFieldModel.m */; };
		AA19F299439DA26289976E68 /* SIMTextFieldFactory.m in Sources */ = {isa = PBXBuildFile; fileRef = AA19F656DD506ACF7F974373 /* SIMTextFieldFactory.m */; };
		AA19F415D0E73EE37A9E902B /* SIMCreditCardType.h in Headers */ = {isa = PBXBuildFile; fileRef = AA19FEE9C596803724485548 /* SIMCreditCardType.h */; };
		AA19F4517F35363BE880860D /* SIMCreditCardEntryView.m in Sources */ = {isa = PBXBuildFile; fileRef = AA19F3B9CBBCD85315B55C2E /* SIMCreditCardEntryView.m */; };
		AA19F49F441DD44FAF9E059F /* SIMTextInputState.h in Headers */ = {isa = PBXBuildFile; fileRef = AA19F42EC9FAC7261E25B50B /* SIMTextInputState.h */; };
		AA19F4BB3414FC5DC3E38145 /* SIMCardToken.m in Sources */ = {isa = PBXBuildFile; fileRef = AA19F5E3C27389C64E973CC4 /* SIMCardToken.m */; };
		AA19F4FD27AEB03C3FFDF52C /* SIMCreditCardEntryViewController.m in Sources */ = {isa = PBXBuildFile; fileRef = AA19F1839EBCFFED1D5A0111 /* SIMCreditCardEntryViewController.m */; };
		AA19F52917C58865A4340EAF /* SIMCreditCardNetwork.h in Headers */ = {isa = PBXBuildFile; fileRef = AA19FA3D69C077E0D7ED6446 /* SIMCreditCardNetwork.h */; };
		AA19F64D29BC1279B5D3D507 /* SIMCreditCardEntryView.h in Headers */ = {isa = PBXBuildFile; fileRef = AA19FF515AE939E976E115CA /* SIMCreditCardEntryView.h */; };
		AA19F65C407268761009F81F /* SIMAddressEntryView.m in Sources */ = {isa = PBXBuildFile; fileRef = AA19FE6DD29159F71276F39E /* SIMAddressEntryView.m */; };
		AA19F71EE68D071016BB8302 /* SIMCardToken.m in Sources */ = {isa = PBXBuildFile; fileRef = AA19F5E3C27389C64E973CC4 /* SIMCardToken.m */; };
		AA19F76C6B76753E05696437 /* SIMCreditCardEntryModel.h in Headers */ = {isa = PBXBuildFile; fileRef = AA19F63EBC4D13AA78FFB07B /* SIMCreditCardEntryModel.h */; };
		AA19F788006DC7FCC54C575D /* SIMAddressEntryView.m in Sources */ = {isa = PBXBuildFile; fileRef = AA19FE6DD29159F71276F39E /* SIMAddressEntryView.m */; };
		AA19F7F97941437514A8E86E /* SIMCreditCardEntryModel.m in Sources */ = {isa = PBXBuildFile; fileRef = AA19F2536322616010CF5EB9 /* SIMCreditCardEntryModel.m */; };
		AA19F88E2A3D2D64C72A47BD /* SIMCreditCardNetwork.m in Sources */ = {isa = PBXBuildFile; fileRef = AA19FC71F2316AF9B7318C56 /* SIMCreditCardNetwork.m */; };
		AA19F8A0DE20E89B1B1F9542 /* SIMCardTokenTest.m in Sources */ = {isa = PBXBuildFile; fileRef = AA19FD2437F397544AB75396 /* SIMCardTokenTest.m */; };
		AA19F9FEF1109B08DDE56661 /* SIMCreditCardEntryModel.m in Sources */ = {isa = PBXBuildFile; fileRef = AA19F2536322616010CF5EB9 /* SIMCreditCardEntryModel.m */; };
		AA19FA54F9BED00867167E0D /* SIMTextFieldModel.m in Sources */ = {isa = PBXBuildFile; fileRef = AA19F383ADE136ACA9D44767 /* SIMTextFieldModel.m */; };
		AA19FA91C1FECAEECFA91146 /* SIMCreditCardEntryView.m in Sources */ = {isa = PBXBuildFile; fileRef = AA19F3B9CBBCD85315B55C2E /* SIMCreditCardEntryView.m */; };
		AA19FAE66C043979BACAB978 /* SIMTextFieldFactory.m in Sources */ = {isa = PBXBuildFile; fileRef = AA19F656DD506ACF7F974373 /* SIMTextFieldFactory.m */; };
		AA19FAF9BB10F2CBC2BF1807 /* SIMCreditCardEntryModel.m in Sources */ = {isa = PBXBuildFile; fileRef = AA19F2536322616010CF5EB9 /* SIMCreditCardEntryModel.m */; };
		AA19FB86BEFE4D50126D6637 /* SIMCardToken.h in Headers */ = {isa = PBXBuildFile; fileRef = AA19F5EF15818C97187A267A /* SIMCardToken.h */; };
		AA19FBABED9287A93D2DD2EC /* SIMCreditCardEntryViewController.m in Sources */ = {isa = PBXBuildFile; fileRef = AA19F1839EBCFFED1D5A0111 /* SIMCreditCardEntryViewController.m */; };
		AA19FCB5F06740B55134824C /* SIMCreditCardEntryViewController.m in Sources */ = {isa = PBXBuildFile; fileRef = AA19F1839EBCFFED1D5A0111 /* SIMCreditCardEntryViewController.m */; };
		AA19FCBC81533144EFC50009 /* SIMTextFieldFactory.m in Sources */ = {isa = PBXBuildFile; fileRef = AA19F656DD506ACF7F974373 /* SIMTextFieldFactory.m */; };
		AA19FCCB77404A18BE9E412D /* SIMCreditCardEntryModelTest.m in Sources */ = {isa = PBXBuildFile; fileRef = AA19FBD7AC494D49C9C20A46 /* SIMCreditCardEntryModelTest.m */; };
		AA19FD78283E47D046D04B5B /* SIMCreditCardEntryViewController.h in Headers */ = {isa = PBXBuildFile; fileRef = AA19FAECF1A047A5247C9A3B /* SIMCreditCardEntryViewController.h */; };
		AA19FF36C33E980DF641ADF1 /* SIMAddressEntryView.h in Headers */ = {isa = PBXBuildFile; fileRef = AA19F715A96A88492B1F7540 /* SIMAddressEntryView.h */; };
		AA19FF652BF3E3D24DF36CC5 /* SIMCreditCardEntryView.m in Sources */ = {isa = PBXBuildFile; fileRef = AA19F3B9CBBCD85315B55C2E /* SIMCreditCardEntryView.m */; };
		AA19FF8C74AE1F1518D3221F /* SIMTextFieldModel.h in Headers */ = {isa = PBXBuildFile; fileRef = AA19F12F1B3B609C576CE29E /* SIMTextFieldModel.h */; };
/* End PBXBuildFile section */

/* Begin PBXContainerItemProxy section */
		4D49D8631767BB030046E638 /* PBXContainerItemProxy */ = {
			isa = PBXContainerItemProxy;
			containerPortal = 4DDB652B17623DD800871923 /* Project object */;
			proxyType = 1;
			remoteGlobalIDString = 4D98BC8D176258FE004FA922;
			remoteInfo = SimplifyBundle;
		};
		4D98BC8717624AB7004FA922 /* PBXContainerItemProxy */ = {
			isa = PBXContainerItemProxy;
			containerPortal = 4DDB652B17623DD800871923 /* Project object */;
			proxyType = 1;
			remoteGlobalIDString = 4DDB653217623DD800871923;
			remoteInfo = Simplify;
		};
		4D98BC9B17625C3D004FA922 /* PBXContainerItemProxy */ = {
			isa = PBXContainerItemProxy;
			containerPortal = 4DDB652B17623DD800871923 /* Project object */;
			proxyType = 1;
			remoteGlobalIDString = 4D98BC8D176258FE004FA922;
			remoteInfo = SimplifyBundle;
		};
/* End PBXContainerItemProxy section */

/* Begin PBXCopyFilesBuildPhase section */
		4DDB653117623DD800871923 /* CopyFiles */ = {
			isa = PBXCopyFilesBuildPhase;
			buildActionMask = 2147483647;
			dstPath = "include/${PRODUCT_NAME}";
			dstSubfolderSpec = 16;
			files = (
				4DDB653C17623DD800871923 /* Simplify.h in CopyFiles */,
			);
			runOnlyForDeploymentPostprocessing = 0;
		};
/* End PBXCopyFilesBuildPhase section */

/* Begin PBXFileReference section */
		4D49D829176766D90046E638 /* SIMLuhnValidator.h */ = {isa = PBXFileReference; fileEncoding = 4; lastKnownFileType = sourcecode.c.h; path = SIMLuhnValidator.h; sourceTree = "<group>"; };
		4D49D82A176766D90046E638 /* SIMLuhnValidator.m */ = {isa = PBXFileReference; fileEncoding = 4; lastKnownFileType = sourcecode.c.objc; path = SIMLuhnValidator.m; sourceTree = "<group>"; };
		4D49D8301767671C0046E638 /* SIMLuhnValidatorTest.m */ = {isa = PBXFileReference; fileEncoding = 4; lastKnownFileType = sourcecode.c.objc; path = SIMLuhnValidatorTest.m; sourceTree = "<group>"; };
		4D49D83517676D9F0046E638 /* SIMCurrentTimeProvider.h */ = {isa = PBXFileReference; fileEncoding = 4; lastKnownFileType = sourcecode.c.h; path = SIMCurrentTimeProvider.h; sourceTree = "<group>"; };
		4D49D83617676D9F0046E638 /* SIMCurrentTimeProvider.m */ = {isa = PBXFileReference; fileEncoding = 4; lastKnownFileType = sourcecode.c.objc; path = SIMCurrentTimeProvider.m; sourceTree = "<group>"; };
		4D49D83B176788F10046E638 /* american_express_32.png */ = {isa = PBXFileReference; lastKnownFileType = image.png; name = american_express_32.png; path = CardIcons/american_express_32.png; sourceTree = "<group>"; };
		4D49D83C176788F10046E638 /* card_back_32.png */ = {isa = PBXFileReference; lastKnownFileType = image.png; name = card_back_32.png; path = CardIcons/card_back_32.png; sourceTree = "<group>"; };
		4D49D83D176788F10046E638 /* china_union_pay_32.png */ = {isa = PBXFileReference; lastKnownFileType = image.png; name = china_union_pay_32.png; path = CardIcons/china_union_pay_32.png; sourceTree = "<group>"; };
		4D49D83E176788F10046E638 /* diners_club_32.png */ = {isa = PBXFileReference; lastKnownFileType = image.png; name = diners_club_32.png; path = CardIcons/diners_club_32.png; sourceTree = "<group>"; };
		4D49D83F176788F10046E638 /* discover_32.png */ = {isa = PBXFileReference; lastKnownFileType = image.png; name = discover_32.png; path = CardIcons/discover_32.png; sourceTree = "<group>"; };
		4D49D840176788F10046E638 /* jcb_32.png */ = {isa = PBXFileReference; lastKnownFileType = image.png; name = jcb_32.png; path = CardIcons/jcb_32.png; sourceTree = "<group>"; };
		4D49D842176788F10046E638 /* mastercard_32.png */ = {isa = PBXFileReference; lastKnownFileType = image.png; name = mastercard_32.png; path = CardIcons/mastercard_32.png; sourceTree = "<group>"; };
		4D49D843176788F10046E638 /* visa_32.png */ = {isa = PBXFileReference; lastKnownFileType = image.png; name = visa_32.png; path = CardIcons/visa_32.png; sourceTree = "<group>"; };
		4D49D8541767A63D0046E638 /* UIView+Additions.h */ = {isa = PBXFileReference; fileEncoding = 4; lastKnownFileType = sourcecode.c.h; path = "UIView+Additions.h"; sourceTree = "<group>"; };
		4D49D8551767A63D0046E638 /* UIView+Additions.m */ = {isa = PBXFileReference; fileEncoding = 4; lastKnownFileType = sourcecode.c.objc; path = "UIView+Additions.m"; sourceTree = "<group>"; };
		4D49D8661767BE750046E638 /* UIColor+Additions.h */ = {isa = PBXFileReference; fileEncoding = 4; lastKnownFileType = sourcecode.c.h; path = "UIColor+Additions.h"; sourceTree = "<group>"; };
		4D49D8671767BE750046E638 /* UIColor+Additions.m */ = {isa = PBXFileReference; fileEncoding = 4; lastKnownFileType = sourcecode.c.objc; path = "UIColor+Additions.m"; sourceTree = "<group>"; };
		4D49D86C1767C5840046E638 /* SIMGradientView.h */ = {isa = PBXFileReference; fileEncoding = 4; lastKnownFileType = sourcecode.c.h; path = SIMGradientView.h; sourceTree = "<group>"; };
		4D49D86D1767C5840046E638 /* SIMGradientView.m */ = {isa = PBXFileReference; fileEncoding = 4; lastKnownFileType = sourcecode.c.objc; path = SIMGradientView.m; sourceTree = "<group>"; };
		4D49D86E1767C5840046E638 /* SIMHighlightView.h */ = {isa = PBXFileReference; fileEncoding = 4; lastKnownFileType = sourcecode.c.h; path = SIMHighlightView.h; sourceTree = "<group>"; };
		4D49D86F1767C5840046E638 /* SIMHighlightView.m */ = {isa = PBXFileReference; fileEncoding = 4; lastKnownFileType = sourcecode.c.objc; path = SIMHighlightView.m; sourceTree = "<group>"; };
		4D49D8701767C5840046E638 /* SIMLayeredButton.h */ = {isa = PBXFileReference; fileEncoding = 4; lastKnownFileType = sourcecode.c.h; path = SIMLayeredButton.h; sourceTree = "<group>"; };
		4D49D8711767C5840046E638 /* SIMLayeredButton.m */ = {isa = PBXFileReference; fileEncoding = 4; lastKnownFileType = sourcecode.c.objc; path = SIMLayeredButton.m; sourceTree = "<group>"; };
		4D49D87E1767C82A0046E638 /* SIMShapeView.h */ = {isa = PBXFileReference; fileEncoding = 4; lastKnownFileType = sourcecode.c.h; path = SIMShapeView.h; sourceTree = "<group>"; };
		4D49D87F1767C82A0046E638 /* SIMShapeView.m */ = {isa = PBXFileReference; fileEncoding = 4; lastKnownFileType = sourcecode.c.objc; path = SIMShapeView.m; sourceTree = "<group>"; };
		4D67091A1762673A00729623 /* GHUnitIOS.framework */ = {isa = PBXFileReference; lastKnownFileType = wrapper.framework; name = GHUnitIOS.framework; path = Frameworks/GHUnitIOS.framework; sourceTree = "<group>"; };
		4D67091C1762675200729623 /* QuartzCore.framework */ = {isa = PBXFileReference; lastKnownFileType = wrapper.framework; name = QuartzCore.framework; path = System/Library/Frameworks/QuartzCore.framework; sourceTree = SDKROOT; };
		4D67091E1762687800729623 /* SIMCreditCardValidator.h */ = {isa = PBXFileReference; fileEncoding = 4; lastKnownFileType = sourcecode.c.h; path = SIMCreditCardValidator.h; sourceTree = "<group>"; };
		4D67091F1762687800729623 /* SIMCreditCardValidator.m */ = {isa = PBXFileReference; fileEncoding = 4; lastKnownFileType = sourcecode.c.objc; path = SIMCreditCardValidator.m; sourceTree = "<group>"; };
		4D67092817626BAD00729623 /* SIMAbstractAsyncTestCase.h */ = {isa = PBXFileReference; fileEncoding = 4; lastKnownFileType = sourcecode.c.h; path = SIMAbstractAsyncTestCase.h; sourceTree = "<group>"; };
		4D67092917626BAD00729623 /* SIMAbstractAsyncTestCase.m */ = {isa = PBXFileReference; fileEncoding = 4; lastKnownFileType = sourcecode.c.objc; path = SIMAbstractAsyncTestCase.m; sourceTree = "<group>"; };
		4D67092A17626BAD00729623 /* SIMAbstractTestCase.h */ = {isa = PBXFileReference; fileEncoding = 4; lastKnownFileType = sourcecode.c.h; path = SIMAbstractTestCase.h; sourceTree = "<group>"; };
		4D67092B17626BAE00729623 /* SIMAbstractTestCase.m */ = {isa = PBXFileReference; fileEncoding = 4; lastKnownFileType = sourcecode.c.objc; path = SIMAbstractTestCase.m; sourceTree = "<group>"; };
		4D67092E17626C5B00729623 /* libOCMock.a */ = {isa = PBXFileReference; lastKnownFileType = archive.ar; name = libOCMock.a; path = Frameworks/libOCMock.a; sourceTree = "<group>"; };
		4D67094417626C9900729623 /* NSNotificationCenter+OCMAdditions.h */ = {isa = PBXFileReference; fileEncoding = 4; lastKnownFileType = sourcecode.c.h; path = "NSNotificationCenter+OCMAdditions.h"; sourceTree = "<group>"; };
		4D67094517626C9900729623 /* OCMArg.h */ = {isa = PBXFileReference; fileEncoding = 4; lastKnownFileType = sourcecode.c.h; path = OCMArg.h; sourceTree = "<group>"; };
		4D67094617626C9900729623 /* OCMConstraint.h */ = {isa = PBXFileReference; fileEncoding = 4; lastKnownFileType = sourcecode.c.h; path = OCMConstraint.h; sourceTree = "<group>"; };
		4D67094717626C9900729623 /* OCMock.h */ = {isa = PBXFileReference; fileEncoding = 4; lastKnownFileType = sourcecode.c.h; path = OCMock.h; sourceTree = "<group>"; };
		4D67094817626C9900729623 /* OCMockObject.h */ = {isa = PBXFileReference; fileEncoding = 4; lastKnownFileType = sourcecode.c.h; path = OCMockObject.h; sourceTree = "<group>"; };
		4D67094917626C9900729623 /* OCMockRecorder.h */ = {isa = PBXFileReference; fileEncoding = 4; lastKnownFileType = sourcecode.c.h; path = OCMockRecorder.h; sourceTree = "<group>"; };
		4D67094B17626D8300729623 /* SIMCreditCardValidatorTest.m */ = {isa = PBXFileReference; fileEncoding = 4; lastKnownFileType = sourcecode.c.objc; path = SIMCreditCardValidatorTest.m; sourceTree = "<group>"; };
		4D67094E17662A4400729623 /* NSString+Simplify.h */ = {isa = PBXFileReference; fileEncoding = 4; lastKnownFileType = sourcecode.c.h; path = "NSString+Simplify.h"; sourceTree = "<group>"; };
		4D67094F17662A4400729623 /* NSString+Simplify.m */ = {isa = PBXFileReference; fileEncoding = 4; lastKnownFileType = sourcecode.c.objc; path = "NSString+Simplify.m"; sourceTree = "<group>"; };
		4D67096D1766634000729623 /* OpenSans-Bold.ttf */ = {isa = PBXFileReference; lastKnownFileType = file; name = "OpenSans-Bold.ttf"; path = "OpenSans/OpenSans-Bold.ttf"; sourceTree = "<group>"; };
		4D67096E1766634000729623 /* OpenSans-BoldItalic.ttf */ = {isa = PBXFileReference; lastKnownFileType = file; name = "OpenSans-BoldItalic.ttf"; path = "OpenSans/OpenSans-BoldItalic.ttf"; sourceTree = "<group>"; };
		4D67096F1766634000729623 /* OpenSans-ExtraBold.ttf */ = {isa = PBXFileReference; lastKnownFileType = file; name = "OpenSans-ExtraBold.ttf"; path = "OpenSans/OpenSans-ExtraBold.ttf"; sourceTree = "<group>"; };
		4D6709701766634000729623 /* OpenSans-ExtraBoldItalic.ttf */ = {isa = PBXFileReference; lastKnownFileType = file; name = "OpenSans-ExtraBoldItalic.ttf"; path = "OpenSans/OpenSans-ExtraBoldItalic.ttf"; sourceTree = "<group>"; };
		4D6709711766634000729623 /* OpenSans-Italic.ttf */ = {isa = PBXFileReference; lastKnownFileType = file; name = "OpenSans-Italic.ttf"; path = "OpenSans/OpenSans-Italic.ttf"; sourceTree = "<group>"; };
		4D6709721766634000729623 /* OpenSans-Light.ttf */ = {isa = PBXFileReference; lastKnownFileType = file; name = "OpenSans-Light.ttf"; path = "OpenSans/OpenSans-Light.ttf"; sourceTree = "<group>"; };
		4D6709731766634000729623 /* OpenSans-LightItalic.ttf */ = {isa = PBXFileReference; lastKnownFileType = file; name = "OpenSans-LightItalic.ttf"; path = "OpenSans/OpenSans-LightItalic.ttf"; sourceTree = "<group>"; };
		4D6709741766634000729623 /* OpenSans-Regular.ttf */ = {isa = PBXFileReference; lastKnownFileType = file; name = "OpenSans-Regular.ttf"; path = "OpenSans/OpenSans-Regular.ttf"; sourceTree = "<group>"; };
		4D6709751766634000729623 /* OpenSans-Semibold.ttf */ = {isa = PBXFileReference; lastKnownFileType = file; name = "OpenSans-Semibold.ttf"; path = "OpenSans/OpenSans-Semibold.ttf"; sourceTree = "<group>"; };
		4D6709761766634000729623 /* OpenSans-SemiboldItalic.ttf */ = {isa = PBXFileReference; lastKnownFileType = file; name = "OpenSans-SemiboldItalic.ttf"; path = "OpenSans/OpenSans-SemiboldItalic.ttf"; sourceTree = "<group>"; };
		4D98BC8E176258FE004FA922 /* Simplify.bundle */ = {isa = PBXFileReference; explicitFileType = wrapper.cfbundle; includeInIndex = 0; path = Simplify.bundle; sourceTree = BUILT_PRODUCTS_DIR; };
		4D98BC8F176258FE004FA922 /* CoreFoundation.framework */ = {isa = PBXFileReference; lastKnownFileType = wrapper.framework; name = CoreFoundation.framework; path = System/Library/Frameworks/CoreFoundation.framework; sourceTree = SDKROOT; };
		4D98BC93176258FE004FA922 /* SimplifyBundle-Info.plist */ = {isa = PBXFileReference; lastKnownFileType = text.plist.xml; path = "SimplifyBundle-Info.plist"; sourceTree = "<group>"; };
		4D98BC95176258FE004FA922 /* en */ = {isa = PBXFileReference; lastKnownFileType = text.plist.strings; name = en; path = en.lproj/InfoPlist.strings; sourceTree = "<group>"; };
		4D98BC97176258FE004FA922 /* SimplifyBundle-Prefix.pch */ = {isa = PBXFileReference; lastKnownFileType = sourcecode.c.h; path = "SimplifyBundle-Prefix.pch"; sourceTree = "<group>"; };
		4D98BC9D17625D88004FA922 /* SimplifyPrivate.h */ = {isa = PBXFileReference; fileEncoding = 4; lastKnownFileType = sourcecode.c.h; path = SimplifyPrivate.h; sourceTree = "<group>"; };
		4D98BC9E17625D88004FA922 /* SimplifyPrivate.m */ = {isa = PBXFileReference; fileEncoding = 4; lastKnownFileType = sourcecode.c.objc; path = SimplifyPrivate.m; sourceTree = "<group>"; };
		4D98BCA617626380004FA922 /* SimplifyExample.app */ = {isa = PBXFileReference; explicitFileType = wrapper.application; includeInIndex = 0; path = SimplifyExample.app; sourceTree = BUILT_PRODUCTS_DIR; };
		4D98BCA717626380004FA922 /* UIKit.framework */ = {isa = PBXFileReference; lastKnownFileType = wrapper.framework; name = UIKit.framework; path = System/Library/Frameworks/UIKit.framework; sourceTree = SDKROOT; };
		4D98BCAA17626380004FA922 /* CoreGraphics.framework */ = {isa = PBXFileReference; lastKnownFileType = wrapper.framework; name = CoreGraphics.framework; path = System/Library/Frameworks/CoreGraphics.framework; sourceTree = SDKROOT; };
		4D98BCAE17626380004FA922 /* SimplifyExample-Info.plist */ = {isa = PBXFileReference; lastKnownFileType = text.plist.xml; path = "SimplifyExample-Info.plist"; sourceTree = "<group>"; };
		4D98BCB017626380004FA922 /* en */ = {isa = PBXFileReference; lastKnownFileType = text.plist.strings; name = en; path = en.lproj/InfoPlist.strings; sourceTree = "<group>"; };
		4D98BCB217626380004FA922 /* main.m */ = {isa = PBXFileReference; lastKnownFileType = sourcecode.c.objc; path = main.m; sourceTree = "<group>"; };
		4D98BCB417626380004FA922 /* SimplifyExample-Prefix.pch */ = {isa = PBXFileReference; lastKnownFileType = sourcecode.c.h; path = "SimplifyExample-Prefix.pch"; sourceTree = "<group>"; };
		4D98BCB517626380004FA922 /* SIMAppDelegate.h */ = {isa = PBXFileReference; lastKnownFileType = sourcecode.c.h; path = SIMAppDelegate.h; sourceTree = "<group>"; };
		4D98BCB617626380004FA922 /* SIMAppDelegate.m */ = {isa = PBXFileReference; lastKnownFileType = sourcecode.c.objc; path = SIMAppDelegate.m; sourceTree = "<group>"; };
		4D98BCB817626380004FA922 /* Default.png */ = {isa = PBXFileReference; lastKnownFileType = image.png; path = Default.png; sourceTree = "<group>"; };
		4D98BCBA17626380004FA922 /* Default@2x.png */ = {isa = PBXFileReference; lastKnownFileType = image.png; path = "Default@2x.png"; sourceTree = "<group>"; };
		4D98BCBC17626380004FA922 /* Default-568h@2x.png */ = {isa = PBXFileReference; lastKnownFileType = image.png; path = "Default-568h@2x.png"; sourceTree = "<group>"; };
		4D98BCE51762654C004FA922 /* SimplifyTests.app */ = {isa = PBXFileReference; explicitFileType = wrapper.application; includeInIndex = 0; path = SimplifyTests.app; sourceTree = BUILT_PRODUCTS_DIR; };
		4D98BCEB1762654C004FA922 /* SimplifyTests-Info.plist */ = {isa = PBXFileReference; lastKnownFileType = text.plist.xml; path = "SimplifyTests-Info.plist"; sourceTree = "<group>"; };
		4D98BCED1762654C004FA922 /* en */ = {isa = PBXFileReference; lastKnownFileType = text.plist.strings; name = en; path = en.lproj/InfoPlist.strings; sourceTree = "<group>"; };
		4D98BCEF1762654C004FA922 /* main.m */ = {isa = PBXFileReference; lastKnownFileType = sourcecode.c.objc; path = main.m; sourceTree = "<group>"; };
		4D98BCF11762654C004FA922 /* SimplifyTests-Prefix.pch */ = {isa = PBXFileReference; lastKnownFileType = sourcecode.c.h; path = "SimplifyTests-Prefix.pch"; sourceTree = "<group>"; };
		4D98BCF21762654C004FA922 /* SIMAppDelegate.h */ = {isa = PBXFileReference; lastKnownFileType = sourcecode.c.h; path = SIMAppDelegate.h; sourceTree = "<group>"; };
		4D98BCF31762654C004FA922 /* SIMAppDelegate.m */ = {isa = PBXFileReference; lastKnownFileType = sourcecode.c.objc; path = SIMAppDelegate.m; sourceTree = "<group>"; };
		4D98BCF51762654C004FA922 /* Default.png */ = {isa = PBXFileReference; lastKnownFileType = image.png; path = Default.png; sourceTree = "<group>"; };
		4D98BCF71762654C004FA922 /* Default@2x.png */ = {isa = PBXFileReference; lastKnownFileType = image.png; path = "Default@2x.png"; sourceTree = "<group>"; };
		4D98BCF91762654C004FA922 /* Default-568h@2x.png */ = {isa = PBXFileReference; lastKnownFileType = image.png; path = "Default-568h@2x.png"; sourceTree = "<group>"; };
		4DDB653317623DD800871923 /* libSimplify.a */ = {isa = PBXFileReference; explicitFileType = archive.ar; includeInIndex = 0; path = libSimplify.a; sourceTree = BUILT_PRODUCTS_DIR; };
		4DDB653617623DD800871923 /* Foundation.framework */ = {isa = PBXFileReference; lastKnownFileType = wrapper.framework; name = Foundation.framework; path = System/Library/Frameworks/Foundation.framework; sourceTree = SDKROOT; };
		4DDB653A17623DD800871923 /* Simplify-Prefix.pch */ = {isa = PBXFileReference; lastKnownFileType = sourcecode.c.h; path = "Simplify-Prefix.pch"; sourceTree = "<group>"; };
		4DDB653B17623DD800871923 /* Simplify.h */ = {isa = PBXFileReference; lastKnownFileType = sourcecode.c.h; path = Simplify.h; sourceTree = "<group>"; };
		4DDB653D17623DD800871923 /* Simplify.m */ = {isa = PBXFileReference; lastKnownFileType = sourcecode.c.objc; path = Simplify.m; sourceTree = "<group>"; };
		4DE8866817692DF200E60C81 /* SIMTextField.h */ = {isa = PBXFileReference; fileEncoding = 4; lastKnownFileType = sourcecode.c.h; path = SIMTextField.h; sourceTree = "<group>"; };
		4DE8866917692DF200E60C81 /* SIMTextField.m */ = {isa = PBXFileReference; fileEncoding = 4; lastKnownFileType = sourcecode.c.objc; path = SIMTextField.m; sourceTree = "<group>"; };
		AA19F12F1B3B609C576CE29E /* SIMTextFieldModel.h */ = {isa = PBXFileReference; fileEncoding = 4; lastKnownFileType = sourcecode.c.h; path = SIMTextFieldModel.h; sourceTree = "<group>"; };
		AA19F1839EBCFFED1D5A0111 /* SIMCreditCardEntryViewController.m */ = {isa = PBXFileReference; fileEncoding = 4; lastKnownFileType = sourcecode.c.objc; path = SIMCreditCardEntryViewController.m; sourceTree = "<group>"; };
		AA19F2536322616010CF5EB9 /* SIMCreditCardEntryModel.m */ = {isa = PBXFileReference; fileEncoding = 4; lastKnownFileType = sourcecode.c.objc; path = SIMCreditCardEntryModel.m; sourceTree = "<group>"; };
		AA19F383ADE136ACA9D44767 /* SIMTextFieldModel.m */ = {isa = PBXFileReference; fileEncoding = 4; lastKnownFileType = sourcecode.c.objc; path = SIMTextFieldModel.m; sourceTree = "<group>"; };
		AA19F3B9CBBCD85315B55C2E /* SIMCreditCardEntryView.m */ = {isa = PBXFileReference; fileEncoding = 4; lastKnownFileType = sourcecode.c.objc; path = SIMCreditCardEntryView.m; sourceTree = "<group>"; };
		AA19F42EC9FAC7261E25B50B /* SIMTextInputState.h */ = {isa = PBXFileReference; fileEncoding = 4; lastKnownFileType = sourcecode.c.h; path = SIMTextInputState.h; sourceTree = "<group>"; };
		AA19F5E3C27389C64E973CC4 /* SIMCardToken.m */ = {isa = PBXFileReference; fileEncoding = 4; lastKnownFileType = sourcecode.c.objc; path = SIMCardToken.m; sourceTree = "<group>"; };
		AA19F5EF15818C97187A267A /* SIMCardToken.h */ = {isa = PBXFileReference; fileEncoding = 4; lastKnownFileType = sourcecode.c.h; path = SIMCardToken.h; sourceTree = "<group>"; };
		AA19F63EBC4D13AA78FFB07B /* SIMCreditCardEntryModel.h */ = {isa = PBXFileReference; fileEncoding = 4; lastKnownFileType = sourcecode.c.h; path = SIMCreditCardEntryModel.h; sourceTree = "<group>"; };
		AA19F656DD506ACF7F974373 /* SIMTextFieldFactory.m */ = {isa = PBXFileReference; fileEncoding = 4; lastKnownFileType = sourcecode.c.objc; path = SIMTextFieldFactory.m; sourceTree = "<group>"; };
		AA19F715A96A88492B1F7540 /* SIMAddressEntryView.h */ = {isa = PBXFileReference; fileEncoding = 4; lastKnownFileType = sourcecode.c.h; path = SIMAddressEntryView.h; sourceTree = "<group>"; };
		AA19F96C175B77B3446C3903 /* SIMTextFieldFactory.h */ = {isa = PBXFileReference; fileEncoding = 4; lastKnownFileType = sourcecode.c.h; path = SIMTextFieldFactory.h; sourceTree = "<group>"; };
		AA19FA3D69C077E0D7ED6446 /* SIMCreditCardNetwork.h */ = {isa = PBXFileReference; fileEncoding = 4; lastKnownFileType = sourcecode.c.h; path = SIMCreditCardNetwork.h; sourceTree = "<group>"; };
		AA19FAECF1A047A5247C9A3B /* SIMCreditCardEntryViewController.h */ = {isa = PBXFileReference; fileEncoding = 4; lastKnownFileType = sourcecode.c.h; path = SIMCreditCardEntryViewController.h; sourceTree = "<group>"; };
		AA19FBD7AC494D49C9C20A46 /* SIMCreditCardEntryModelTest.m */ = {isa = PBXFileReference; fileEncoding = 4; lastKnownFileType = sourcecode.c.objc; path = SIMCreditCardEntryModelTest.m; sourceTree = "<group>"; };
		AA19FC71F2316AF9B7318C56 /* SIMCreditCardNetwork.m */ = {isa = PBXFileReference; fileEncoding = 4; lastKnownFileType = sourcecode.c.objc; path = SIMCreditCardNetwork.m; sourceTree = "<group>"; };
		AA19FD2437F397544AB75396 /* SIMCardTokenTest.m */ = {isa = PBXFileReference; fileEncoding = 4; lastKnownFileType = sourcecode.c.objc; path = SIMCardTokenTest.m; sourceTree = "<group>"; };
		AA19FE6DD29159F71276F39E /* SIMAddressEntryView.m */ = {isa = PBXFileReference; fileEncoding = 4; lastKnownFileType = sourcecode.c.objc; path = SIMAddressEntryView.m; sourceTree = "<group>"; };
		AA19FEE9C596803724485548 /* SIMCreditCardType.h */ = {isa = PBXFileReference; fileEncoding = 4; lastKnownFileType = sourcecode.c.h; path = SIMCreditCardType.h; sourceTree = "<group>"; };
		AA19FF515AE939E976E115CA /* SIMCreditCardEntryView.h */ = {isa = PBXFileReference; fileEncoding = 4; lastKnownFileType = sourcecode.c.h; path = SIMCreditCardEntryView.h; sourceTree = "<group>"; };
/* End PBXFileReference section */

/* Begin PBXFrameworksBuildPhase section */
		4D98BC8B176258FE004FA922 /* Frameworks */ = {
			isa = PBXFrameworksBuildPhase;
			buildActionMask = 2147483647;
			files = (
				4D98BC90176258FE004FA922 /* CoreFoundation.framework in Frameworks */,
			);
			runOnlyForDeploymentPostprocessing = 0;
		};
		4D98BCA317626380004FA922 /* Frameworks */ = {
			isa = PBXFrameworksBuildPhase;
			buildActionMask = 2147483647;
			files = (
				4D98BCA817626380004FA922 /* UIKit.framework in Frameworks */,
				4D98BCA917626380004FA922 /* Foundation.framework in Frameworks */,
				4D98BCAB17626380004FA922 /* CoreGraphics.framework in Frameworks */,
				4D49D8841767C8BE0046E638 /* QuartzCore.framework in Frameworks */,
			);
			runOnlyForDeploymentPostprocessing = 0;
		};
		4D98BCE21762654C004FA922 /* Frameworks */ = {
			isa = PBXFrameworksBuildPhase;
			buildActionMask = 2147483647;
			files = (
				4D67091D1762675200729623 /* QuartzCore.framework in Frameworks */,
				4D98BCE61762654C004FA922 /* UIKit.framework in Frameworks */,
				4D98BCE71762654C004FA922 /* Foundation.framework in Frameworks */,
				4D98BCE81762654C004FA922 /* CoreGraphics.framework in Frameworks */,
				4D67091B1762673A00729623 /* GHUnitIOS.framework in Frameworks */,
				4D67092F17626C5B00729623 /* libOCMock.a in Frameworks */,
			);
			runOnlyForDeploymentPostprocessing = 0;
		};
		4DDB653017623DD800871923 /* Frameworks */ = {
			isa = PBXFrameworksBuildPhase;
			buildActionMask = 2147483647;
			files = (
				4DDB653717623DD800871923 /* Foundation.framework in Frameworks */,
			);
			runOnlyForDeploymentPostprocessing = 0;
		};
/* End PBXFrameworksBuildPhase section */

/* Begin PBXGroup section */
		4D49D84D1767A1C50046E638 /* Views */ = {
			isa = PBXGroup;
			children = (
				4DE8866817692DF200E60C81 /* SIMTextField.h */,
				4DE8866917692DF200E60C81 /* SIMTextField.m */,
				4D49D87E1767C82A0046E638 /* SIMShapeView.h */,
				4D49D87F1767C82A0046E638 /* SIMShapeView.m */,
				4D49D86C1767C5840046E638 /* SIMGradientView.h */,
				4D49D86D1767C5840046E638 /* SIMGradientView.m */,
				4D49D86E1767C5840046E638 /* SIMHighlightView.h */,
				4D49D86F1767C5840046E638 /* SIMHighlightView.m */,
				4D49D8701767C5840046E638 /* SIMLayeredButton.h */,
				4D49D8711767C5840046E638 /* SIMLayeredButton.m */,
				AA19F3A7406700991C47E08F /* Model */,
				AA19F656DD506ACF7F974373 /* SIMTextFieldFactory.m */,
				AA19F96C175B77B3446C3903 /* SIMTextFieldFactory.h */,
			);
			name = Views;
			sourceTree = "<group>";
		};
		4D6709241762690300729623 /* Validation */ = {
			isa = PBXGroup;
			children = (
				4D6709261762694900729623 /* Test */,
				4D67091E1762687800729623 /* SIMCreditCardValidator.h */,
				4D67091F1762687800729623 /* SIMCreditCardValidator.m */,
				4D49D829176766D90046E638 /* SIMLuhnValidator.h */,
				4D49D82A176766D90046E638 /* SIMLuhnValidator.m */,
			);
			name = Validation;
			sourceTree = "<group>";
		};
		4D6709251762690F00729623 /* Common */ = {
			isa = PBXGroup;
			children = (
				4D67094D17662A1600729623 /* Categories */,
				4DDB653B17623DD800871923 /* Simplify.h */,
				4DDB653D17623DD800871923 /* Simplify.m */,
				4D98BC9D17625D88004FA922 /* SimplifyPrivate.h */,
				4D98BC9E17625D88004FA922 /* SimplifyPrivate.m */,
				4D49D83517676D9F0046E638 /* SIMCurrentTimeProvider.h */,
				4D49D83617676D9F0046E638 /* SIMCurrentTimeProvider.m */,
			);
			name = Common;
			sourceTree = "<group>";
		};
		4D6709261762694900729623 /* Test */ = {
			isa = PBXGroup;
			children = (
				4D67094B17626D8300729623 /* SIMCreditCardValidatorTest.m */,
				4D49D8301767671C0046E638 /* SIMLuhnValidatorTest.m */,
			);
			name = Test;
			sourceTree = "<group>";
		};
		4D67094317626C9900729623 /* OCMock */ = {
			isa = PBXGroup;
			children = (
				4D67094417626C9900729623 /* NSNotificationCenter+OCMAdditions.h */,
				4D67094517626C9900729623 /* OCMArg.h */,
				4D67094617626C9900729623 /* OCMConstraint.h */,
				4D67094717626C9900729623 /* OCMock.h */,
				4D67094817626C9900729623 /* OCMockObject.h */,
				4D67094917626C9900729623 /* OCMockRecorder.h */,
			);
			name = OCMock;
			path = Frameworks/OCMock;
			sourceTree = "<group>";
		};
		4D67094D17662A1600729623 /* Categories */ = {
			isa = PBXGroup;
			children = (
				4D49D8661767BE750046E638 /* UIColor+Additions.h */,
				4D49D8671767BE750046E638 /* UIColor+Additions.m */,
				4D49D8541767A63D0046E638 /* UIView+Additions.h */,
				4D49D8551767A63D0046E638 /* UIView+Additions.m */,
				4D67094E17662A4400729623 /* NSString+Simplify.h */,
				4D67094F17662A4400729623 /* NSString+Simplify.m */,
			);
			name = Categories;
			sourceTree = "<group>";
		};
		4D670958176662C900729623 /* Resources */ = {
			isa = PBXGroup;
			children = (
				4D49D83B176788F10046E638 /* american_express_32.png */,
				4D49D83C176788F10046E638 /* card_back_32.png */,
				4D49D83D176788F10046E638 /* china_union_pay_32.png */,
				4D49D83E176788F10046E638 /* diners_club_32.png */,
				4D49D83F176788F10046E638 /* discover_32.png */,
				4D49D840176788F10046E638 /* jcb_32.png */,
				4D49D842176788F10046E638 /* mastercard_32.png */,
				4D49D843176788F10046E638 /* visa_32.png */,
				4D67096D1766634000729623 /* OpenSans-Bold.ttf */,
				4D67096E1766634000729623 /* OpenSans-BoldItalic.ttf */,
				4D67096F1766634000729623 /* OpenSans-ExtraBold.ttf */,
				4D6709701766634000729623 /* OpenSans-ExtraBoldItalic.ttf */,
				4D6709711766634000729623 /* OpenSans-Italic.ttf */,
				4D6709721766634000729623 /* OpenSans-Light.ttf */,
				4D6709731766634000729623 /* OpenSans-LightItalic.ttf */,
				4D6709741766634000729623 /* OpenSans-Regular.ttf */,
				4D6709751766634000729623 /* OpenSans-Semibold.ttf */,
				4D6709761766634000729623 /* OpenSans-SemiboldItalic.ttf */,
			);
			name = Resources;
			sourceTree = "<group>";
		};
		4D98BC91176258FE004FA922 /* SimplifyBundle */ = {
			isa = PBXGroup;
			children = (
				4D670958176662C900729623 /* Resources */,
				4D98BC92176258FE004FA922 /* Supporting Files */,
			);
			path = SimplifyBundle;
			sourceTree = "<group>";
		};
		4D98BC92176258FE004FA922 /* Supporting Files */ = {
			isa = PBXGroup;
			children = (
				4D98BC93176258FE004FA922 /* SimplifyBundle-Info.plist */,
				4D98BC94176258FE004FA922 /* InfoPlist.strings */,
				4D98BC97176258FE004FA922 /* SimplifyBundle-Prefix.pch */,
			);
			name = "Supporting Files";
			sourceTree = "<group>";
		};
		4D98BCAC17626380004FA922 /* SimplifyExample */ = {
			isa = PBXGroup;
			children = (
				4D98BCB517626380004FA922 /* SIMAppDelegate.h */,
				4D98BCB617626380004FA922 /* SIMAppDelegate.m */,
				4D98BCAD17626380004FA922 /* Supporting Files */,
			);
			path = SimplifyExample;
			sourceTree = "<group>";
		};
		4D98BCAD17626380004FA922 /* Supporting Files */ = {
			isa = PBXGroup;
			children = (
				4D98BCAE17626380004FA922 /* SimplifyExample-Info.plist */,
				4D98BCAF17626380004FA922 /* InfoPlist.strings */,
				4D98BCB217626380004FA922 /* main.m */,
				4D98BCB417626380004FA922 /* SimplifyExample-Prefix.pch */,
				4D98BCB817626380004FA922 /* Default.png */,
				4D98BCBA17626380004FA922 /* Default@2x.png */,
				4D98BCBC17626380004FA922 /* Default-568h@2x.png */,
			);
			name = "Supporting Files";
			sourceTree = "<group>";
		};
		4D98BCE91762654C004FA922 /* SimplifyTests */ = {
			isa = PBXGroup;
			children = (
				4D67092817626BAD00729623 /* SIMAbstractAsyncTestCase.h */,
				4D67092917626BAD00729623 /* SIMAbstractAsyncTestCase.m */,
				4D67092A17626BAD00729623 /* SIMAbstractTestCase.h */,
				4D67092B17626BAE00729623 /* SIMAbstractTestCase.m */,
				4D98BCF21762654C004FA922 /* SIMAppDelegate.h */,
				4D98BCF31762654C004FA922 /* SIMAppDelegate.m */,
				4D98BCEA1762654C004FA922 /* Supporting Files */,
			);
			path = SimplifyTests;
			sourceTree = "<group>";
		};
		4D98BCEA1762654C004FA922 /* Supporting Files */ = {
			isa = PBXGroup;
			children = (
				4D98BCEB1762654C004FA922 /* SimplifyTests-Info.plist */,
				4D98BCEC1762654C004FA922 /* InfoPlist.strings */,
				4D98BCEF1762654C004FA922 /* main.m */,
				4D98BCF11762654C004FA922 /* SimplifyTests-Prefix.pch */,
				4D98BCF51762654C004FA922 /* Default.png */,
				4D98BCF71762654C004FA922 /* Default@2x.png */,
				4D98BCF91762654C004FA922 /* Default-568h@2x.png */,
			);
			name = "Supporting Files";
			sourceTree = "<group>";
		};
		4DDB652A17623DD800871923 = {
			isa = PBXGroup;
			children = (
				4DDB653517623DD800871923 /* Frameworks */,
				4DDB653417623DD800871923 /* Products */,
				4DDB653817623DD800871923 /* Simplify */,
				4D98BC91176258FE004FA922 /* SimplifyBundle */,
				4D98BCAC17626380004FA922 /* SimplifyExample */,
				4D98BCE91762654C004FA922 /* SimplifyTests */,
			);
			sourceTree = "<group>";
		};
		4DDB653417623DD800871923 /* Products */ = {
			isa = PBXGroup;
			children = (
				4DDB653317623DD800871923 /* libSimplify.a */,
				4D98BC8E176258FE004FA922 /* Simplify.bundle */,
				4D98BCA617626380004FA922 /* SimplifyExample.app */,
				4D98BCE51762654C004FA922 /* SimplifyTests.app */,
			);
			name = Products;
			sourceTree = "<group>";
		};
		4DDB653517623DD800871923 /* Frameworks */ = {
			isa = PBXGroup;
			children = (
				4D67094317626C9900729623 /* OCMock */,
				4D67092E17626C5B00729623 /* libOCMock.a */,
				4D67091C1762675200729623 /* QuartzCore.framework */,
				4D67091A1762673A00729623 /* GHUnitIOS.framework */,
				4DDB653617623DD800871923 /* Foundation.framework */,
				4D98BC8F176258FE004FA922 /* CoreFoundation.framework */,
				4D98BCA717626380004FA922 /* UIKit.framework */,
				4D98BCAA17626380004FA922 /* CoreGraphics.framework */,
			);
			name = Frameworks;
			sourceTree = "<group>";
		};
		4DDB653817623DD800871923 /* Simplify */ = {
			isa = PBXGroup;
			children = (
				4D6709251762690F00729623 /* Common */,
				AA19FE1D600E40CD403019D8 /* Network */,
				4DDB653917623DD800871923 /* Supporting Files */,
				4D6709241762690300729623 /* Validation */,
				4D49D84D1767A1C50046E638 /* Views */,
				4DDB653917623DD800871923 /* Supporting Files */,
				AA19FAEE8DB314B7EDA6F37A /* CreditCardEntry */,
			);
			path = Simplify;
			sourceTree = "<group>";
		};
		4DDB653917623DD800871923 /* Supporting Files */ = {
			isa = PBXGroup;
			children = (
				4DDB653A17623DD800871923 /* Simplify-Prefix.pch */,
			);
			name = "Supporting Files";
			sourceTree = "<group>";
		};
		AA19F0584C36AEEECD7E1DBB /* Test */ = {
			isa = PBXGroup;
			children = (
				AA19FD2437F397544AB75396 /* SIMCardTokenTest.m */,
			);
			name = Test;
			sourceTree = "<group>";
		};
		AA19F2F5E5321DE5532ACE75 /* Test */ = {
			isa = PBXGroup;
			children = (
				AA19FBD7AC494D49C9C20A46 /* SIMCreditCardEntryModelTest.m */,
			);
			name = Test;
			sourceTree = "<group>";
		};
		AA19F3A7406700991C47E08F /* Model */ = {
			isa = PBXGroup;
			children = (
				AA19F383ADE136ACA9D44767 /* SIMTextFieldModel.m */,
				AA19F12F1B3B609C576CE29E /* SIMTextFieldModel.h */,
			);
			name = Model;
			sourceTree = "<group>";
		};
		AA19FAEE8DB314B7EDA6F37A /* CreditCardEntry */ = {
			isa = PBXGroup;
			children = (
				AA19F63EBC4D13AA78FFB07B /* SIMCreditCardEntryModel.h */,
				AA19F2536322616010CF5EB9 /* SIMCreditCardEntryModel.m */,
				AA19FF515AE939E976E115CA /* SIMCreditCardEntryView.h */,
				AA19F3B9CBBCD85315B55C2E /* SIMCreditCardEntryView.m */,
				AA19FAECF1A047A5247C9A3B /* SIMCreditCardEntryViewController.h */,
				AA19F1839EBCFFED1D5A0111 /* SIMCreditCardEntryViewController.m */,
				AA19F2F5E5321DE5532ACE75 /* Test */,
				AA19FEE9C596803724485548 /* SIMCreditCardType.h */,
				AA19F42EC9FAC7261E25B50B /* SIMTextInputState.h */,
				AA19FE6DD29159F71276F39E /* SIMAddressEntryView.m */,
				AA19F715A96A88492B1F7540 /* SIMAddressEntryView.h */,
			);
			name = CreditCardEntry;
			sourceTree = "<group>";
		};
		AA19FE1D600E40CD403019D8 /* Network */ = {
			isa = PBXGroup;
			children = (
				AA19FA3D69C077E0D7ED6446 /* SIMCreditCardNetwork.h */,
				AA19FC71F2316AF9B7318C56 /* SIMCreditCardNetwork.m */,
				AA19F5EF15818C97187A267A /* SIMCardToken.h */,
				AA19F5E3C27389C64E973CC4 /* SIMCardToken.m */,
				AA19F0584C36AEEECD7E1DBB /* Test */,
			);
			name = Network;
			sourceTree = "<group>";
		};
/* End PBXGroup section */

/* Begin PBXHeadersBuildPhase section */
		4DDB6544176243F000871923 /* Headers */ = {
			isa = PBXHeadersBuildPhase;
			buildActionMask = 2147483647;
			files = (
				4DDB65451762440800871923 /* Simplify.h in Headers */,
				4D98BC9F17625D88004FA922 /* SimplifyPrivate.h in Headers */,
				4D6709201762687800729623 /* SIMCreditCardValidator.h in Headers */,
				4D67095017662A4400729623 /* NSString+Simplify.h in Headers */,
				4D49D82B176766D90046E638 /* SIMLuhnValidator.h in Headers */,
				4D49D83717676D9F0046E638 /* SIMCurrentTimeProvider.h in Headers */,
				4D49D8561767A63D0046E638 /* UIView+Additions.h in Headers */,
				AA19F52917C58865A4340EAF /* SIMCreditCardNetwork.h in Headers */,
				4D49D8681767BE750046E638 /* UIColor+Additions.h in Headers */,
				4D49D8721767C5840046E638 /* SIMGradientView.h in Headers */,
				4D49D8761767C5840046E638 /* SIMHighlightView.h in Headers */,
				AA19FB86BEFE4D50126D6637 /* SIMCardToken.h in Headers */,
				4D49D87A1767C5840046E638 /* SIMLayeredButton.h in Headers */,
				4D49D8801767C82A0046E638 /* SIMShapeView.h in Headers */,
				4DE8866A17692DF200E60C81 /* SIMTextField.h in Headers */,
				AA19F76C6B76753E05696437 /* SIMCreditCardEntryModel.h in Headers */,
				AA19F64D29BC1279B5D3D507 /* SIMCreditCardEntryView.h in Headers */,
				AA19FD78283E47D046D04B5B /* SIMCreditCardEntryViewController.h in Headers */,
				AA19F415D0E73EE37A9E902B /* SIMCreditCardType.h in Headers */,
				AA19F49F441DD44FAF9E059F /* SIMTextInputState.h in Headers */,
				AA19FF36C33E980DF641ADF1 /* SIMAddressEntryView.h in Headers */,
				AA19FF8C74AE1F1518D3221F /* SIMTextFieldModel.h in Headers */,
				AA19F1791C3BD8726C9F4A5B /* SIMTextFieldFactory.h in Headers */,
			);
			runOnlyForDeploymentPostprocessing = 0;
		};
/* End PBXHeadersBuildPhase section */

/* Begin PBXNativeTarget section */
		4D98BC8D176258FE004FA922 /* SimplifyBundle */ = {
			isa = PBXNativeTarget;
			buildConfigurationList = 4D98BC98176258FE004FA922 /* Build configuration list for PBXNativeTarget "SimplifyBundle" */;
			buildPhases = (
				4D98BC8A176258FE004FA922 /* Sources */,
				4D98BC8B176258FE004FA922 /* Frameworks */,
				4D98BC8C176258FE004FA922 /* Resources */,
			);
			buildRules = (
			);
			dependencies = (
			);
			name = SimplifyBundle;
			productName = SimplifyBundle;
			productReference = 4D98BC8E176258FE004FA922 /* Simplify.bundle */;
			productType = "com.apple.product-type.bundle";
		};
		4D98BCA517626380004FA922 /* SimplifyExample */ = {
			isa = PBXNativeTarget;
			buildConfigurationList = 4D98BCBE17626380004FA922 /* Build configuration list for PBXNativeTarget "SimplifyExample" */;
			buildPhases = (
				4D98BCA217626380004FA922 /* Sources */,
				4D98BCA317626380004FA922 /* Frameworks */,
				4D98BCA417626380004FA922 /* Resources */,
			);
			buildRules = (
			);
			dependencies = (
				4D49D8641767BB030046E638 /* PBXTargetDependency */,
			);
			name = SimplifyExample;
			productName = SimplifyExample;
			productReference = 4D98BCA617626380004FA922 /* SimplifyExample.app */;
			productType = "com.apple.product-type.application";
		};
		4D98BCE41762654C004FA922 /* SimplifyTests */ = {
			isa = PBXNativeTarget;
			buildConfigurationList = 4D98BCFB1762654C004FA922 /* Build configuration list for PBXNativeTarget "SimplifyTests" */;
			buildPhases = (
				4D98BCE11762654C004FA922 /* Sources */,
				4D98BCE21762654C004FA922 /* Frameworks */,
				4D98BCE31762654C004FA922 /* Resources */,
			);
			buildRules = (
			);
			dependencies = (
			);
			name = SimplifyTests;
			productName = SimplifyTests;
			productReference = 4D98BCE51762654C004FA922 /* SimplifyTests.app */;
			productType = "com.apple.product-type.application";
		};
		4DDB653217623DD800871923 /* Simplify */ = {
			isa = PBXNativeTarget;
			buildConfigurationList = 4DDB654117623DD800871923 /* Build configuration list for PBXNativeTarget "Simplify" */;
			buildPhases = (
				4DDB652F17623DD800871923 /* Sources */,
				4DDB653017623DD800871923 /* Frameworks */,
				4DDB653117623DD800871923 /* CopyFiles */,
				4DDB6544176243F000871923 /* Headers */,
				4DDB6546176244C100871923 /* ShellScript */,
			);
			buildRules = (
			);
			dependencies = (
			);
			name = Simplify;
			productName = Simplify;
			productReference = 4DDB653317623DD800871923 /* libSimplify.a */;
			productType = "com.apple.product-type.library.static";
		};
/* End PBXNativeTarget section */

/* Begin PBXProject section */
		4DDB652B17623DD800871923 /* Project object */ = {
			isa = PBXProject;
			attributes = {
				LastUpgradeCheck = 0460;
				ORGANIZATIONNAME = "MasterCard International, Inc.";
			};
			buildConfigurationList = 4DDB652E17623DD800871923 /* Build configuration list for PBXProject "Simplify" */;
			compatibilityVersion = "Xcode 3.2";
			developmentRegion = English;
			hasScannedForEncodings = 0;
			knownRegions = (
				en,
			);
			mainGroup = 4DDB652A17623DD800871923;
			productRefGroup = 4DDB653417623DD800871923 /* Products */;
			projectDirPath = "";
			projectRoot = "";
			targets = (
				4DDB653217623DD800871923 /* Simplify */,
				4D98BC8317624AAB004FA922 /* SimplifyFramework */,
				4D98BC8D176258FE004FA922 /* SimplifyBundle */,
				4D98BCA517626380004FA922 /* SimplifyExample */,
				4D98BCE41762654C004FA922 /* SimplifyTests */,
			);
		};
/* End PBXProject section */

/* Begin PBXResourcesBuildPhase section */
		4D98BC8C176258FE004FA922 /* Resources */ = {
			isa = PBXResourcesBuildPhase;
			buildActionMask = 2147483647;
			files = (
				4D98BC96176258FE004FA922 /* InfoPlist.strings in Resources */,
				4D6709771766634000729623 /* OpenSans-Bold.ttf in Resources */,
				4D6709781766634000729623 /* OpenSans-BoldItalic.ttf in Resources */,
				4D6709791766634000729623 /* OpenSans-ExtraBold.ttf in Resources */,
				4D67097A1766634000729623 /* OpenSans-ExtraBoldItalic.ttf in Resources */,
				4D67097B1766634000729623 /* OpenSans-Italic.ttf in Resources */,
				4D67097C1766634000729623 /* OpenSans-Light.ttf in Resources */,
				4D67097D1766634000729623 /* OpenSans-LightItalic.ttf in Resources */,
				4D67097E1766634000729623 /* OpenSans-Regular.ttf in Resources */,
				4D67097F1766634000729623 /* OpenSans-Semibold.ttf in Resources */,
				4D6709801766634000729623 /* OpenSans-SemiboldItalic.ttf in Resources */,
				4D49D844176788F10046E638 /* american_express_32.png in Resources */,
				4D49D845176788F10046E638 /* card_back_32.png in Resources */,
				4D49D846176788F10046E638 /* china_union_pay_32.png in Resources */,
				4D49D847176788F10046E638 /* diners_club_32.png in Resources */,
				4D49D848176788F10046E638 /* discover_32.png in Resources */,
				4D49D849176788F10046E638 /* jcb_32.png in Resources */,
				4D49D84B176788F10046E638 /* mastercard_32.png in Resources */,
				4D49D84C176788F10046E638 /* visa_32.png in Resources */,
			);
			runOnlyForDeploymentPostprocessing = 0;
		};
		4D98BCA417626380004FA922 /* Resources */ = {
			isa = PBXResourcesBuildPhase;
			buildActionMask = 2147483647;
			files = (
				4D49D8651767BB1E0046E638 /* Simplify.bundle in Resources */,
				4D98BCB117626380004FA922 /* InfoPlist.strings in Resources */,
				4D98BCB917626380004FA922 /* Default.png in Resources */,
				4D98BCBB17626380004FA922 /* Default@2x.png in Resources */,
				4D98BCBD17626380004FA922 /* Default-568h@2x.png in Resources */,
			);
			runOnlyForDeploymentPostprocessing = 0;
		};
		4D98BCE31762654C004FA922 /* Resources */ = {
			isa = PBXResourcesBuildPhase;
			buildActionMask = 2147483647;
			files = (
				4D98BCEE1762654C004FA922 /* InfoPlist.strings in Resources */,
				4D98BCF61762654C004FA922 /* Default.png in Resources */,
				4D98BCF81762654C004FA922 /* Default@2x.png in Resources */,
				4D98BCFA1762654C004FA922 /* Default-568h@2x.png in Resources */,
			);
			runOnlyForDeploymentPostprocessing = 0;
		};
/* End PBXResourcesBuildPhase section */

/* Begin PBXShellScriptBuildPhase section */
		4D98BC8917624AC5004FA922 /* ShellScript */ = {
			isa = PBXShellScriptBuildPhase;
			buildActionMask = 2147483647;
			files = (
			);
			inputPaths = (
			);
			outputPaths = (
			);
			runOnlyForDeploymentPostprocessing = 0;
			shellPath = /bin/sh;
			shellScript = "set -e\nset +u\n# Avoid recursively calling this script.\nif [[ $SF_MASTER_SCRIPT_RUNNING ]]\nthen\nexit 0\nfi\nset -u\nexport SF_MASTER_SCRIPT_RUNNING=1\n\nSF_TARGET_NAME=${PROJECT_NAME}\nSF_EXECUTABLE_PATH=\"lib${SF_TARGET_NAME}.a\"\nSF_WRAPPER_NAME=\"${SF_TARGET_NAME}.framework\"\n\n# The following conditionals come from\n# https://github.com/kstenerud/iOS-Universal-Framework\n\nif [[ \"$SDK_NAME\" =~ ([A-Za-z]+) ]]\nthen\nSF_SDK_PLATFORM=${BASH_REMATCH[1]}\nelse\necho \"Could not find platform name from SDK_NAME: $SDK_NAME\"\nexit 1\nfi\n\nif [[ \"$SDK_NAME\" =~ ([0-9]+.*$) ]]\nthen\nSF_SDK_VERSION=${BASH_REMATCH[1]}\nelse\necho \"Could not find sdk version from SDK_NAME: $SDK_NAME\"\nexit 1\nfi\n\nif [[ \"$SF_SDK_PLATFORM\" = \"iphoneos\" ]]\nthen\nSF_OTHER_PLATFORM=iphonesimulator\nelse\nSF_OTHER_PLATFORM=iphoneos\nfi\n\nif [[ \"$BUILT_PRODUCTS_DIR\" =~ (.*)$SF_SDK_PLATFORM$ ]]\nthen\nSF_OTHER_BUILT_PRODUCTS_DIR=\"${BASH_REMATCH[1]}${SF_OTHER_PLATFORM}\"\nelse\necho \"Could not find platform name from build products directory: $BUILT_PRODUCTS_DIR\"\nexit 1\nfi\n\n# Build the other platform.\nxcodebuild -project \"${PROJECT_FILE_PATH}\" -target \"${TARGET_NAME}\" -configuration \"${CONFIGURATION}\" -sdk ${SF_OTHER_PLATFORM}${SF_SDK_VERSION} BUILD_DIR=\"${BUILD_DIR}\" OBJROOT=\"${OBJROOT}\" BUILD_ROOT=\"${BUILD_ROOT}\" SYMROOT=\"${SYMROOT}\" $ACTION\n\n# Smash the two static libraries into one fat binary and store it in the .framework\nlipo -create \"${BUILT_PRODUCTS_DIR}/${SF_EXECUTABLE_PATH}\" \"${SF_OTHER_BUILT_PRODUCTS_DIR}/${SF_EXECUTABLE_PATH}\" -output \"${BUILT_PRODUCTS_DIR}/${SF_WRAPPER_NAME}/Versions/A/${SF_TARGET_NAME}\"\n\n# Copy the binary to the other architecture folder to have a complete framework in both.\ncp -a \"${BUILT_PRODUCTS_DIR}/${SF_WRAPPER_NAME}/Versions/A/${SF_TARGET_NAME}\" \"${SF_OTHER_BUILT_PRODUCTS_DIR}/${SF_WRAPPER_NAME}/Versions/A/${SF_TARGET_NAME}\"\n";
		};
		4DDB6546176244C100871923 /* ShellScript */ = {
			isa = PBXShellScriptBuildPhase;
			buildActionMask = 2147483647;
			files = (
			);
			inputPaths = (
			);
			outputPaths = (
			);
			runOnlyForDeploymentPostprocessing = 0;
			shellPath = /bin/sh;
			shellScript = "set -e\n\nmkdir -p \"${BUILT_PRODUCTS_DIR}/${PRODUCT_NAME}.framework/Versions/A/Headers\"\n/bin/ln -sfh A \"${BUILT_PRODUCTS_DIR}/${PRODUCT_NAME}.framework/Versions/Current\"\n/bin/ln -sfh Versions/Current/Headers \"${BUILT_PRODUCTS_DIR}/${PRODUCT_NAME}.framework/Headers\"\n/bin/ln -sfh \"Versions/Current/${PRODUCT_NAME}\" \"${BUILT_PRODUCTS_DIR}/${PRODUCT_NAME}.framework/${PRODUCT_NAME}\"\n/bin/cp -a \"${TARGET_BUILD_DIR}/${PUBLIC_HEADERS_FOLDER_PATH}/\" \"${BUILT_PRODUCTS_DIR}/${PRODUCT_NAME}.framework/Versions/A/Headers\"\n";
		};
/* End PBXShellScriptBuildPhase section */

/* Begin PBXSourcesBuildPhase section */
		4D98BC8A176258FE004FA922 /* Sources */ = {
			isa = PBXSourcesBuildPhase;
			buildActionMask = 2147483647;
			files = (
			);
			runOnlyForDeploymentPostprocessing = 0;
		};
		4D98BCA217626380004FA922 /* Sources */ = {
			isa = PBXSourcesBuildPhase;
			buildActionMask = 2147483647;
			files = (
				4D98BCB317626380004FA922 /* main.m in Sources */,
				4D98BCB717626380004FA922 /* SIMAppDelegate.m in Sources */,
				4D67095217662A4400729623 /* NSString+Simplify.m in Sources */,
				4D67095417662A5A00729623 /* Simplify.m in Sources */,
				4D67095617662A5D00729623 /* SimplifyPrivate.m in Sources */,
				4D49D83917676D9F0046E638 /* SIMCurrentTimeProvider.m in Sources */,
				4D49D8581767A63D0046E638 /* UIView+Additions.m in Sources */,
				4D49D86A1767BE750046E638 /* UIColor+Additions.m in Sources */,
				4D49D8741767C5840046E638 /* SIMGradientView.m in Sources */,
				4D49D8781767C5840046E638 /* SIMHighlightView.m in Sources */,
				4D49D87C1767C5840046E638 /* SIMLayeredButton.m in Sources */,
				4D49D8821767C82A0046E638 /* SIMShapeView.m in Sources */,
				4D412DA91767D779002A20D7 /* SIMCreditCardValidator.m in Sources */,
				4DDFADDD1767DC000030CCD5 /* SIMLuhnValidator.m in Sources */,
				74A6EC701768C3C80025F307 /* SIMCreditCardNetwork.m in Sources */,
				74A6EC711768C3CD0025F307 /* SIMCardToken.m in Sources */,
				4DE8866C17692DF200E60C81 /* SIMTextField.m in Sources */,
				AA19F7F97941437514A8E86E /* SIMCreditCardEntryModel.m in Sources */,
				AA19F4517F35363BE880860D /* SIMCreditCardEntryView.m in Sources */,
				AA19F4FD27AEB03C3FFDF52C /* SIMCreditCardEntryViewController.m in Sources */,
				AA19F65C407268761009F81F /* SIMAddressEntryView.m in Sources */,
				AA19F19C96CB81F586FE1CF9 /* SIMTextFieldModel.m in Sources */,
				AA19FAE66C043979BACAB978 /* SIMTextFieldFactory.m in Sources */,
			);
			runOnlyForDeploymentPostprocessing = 0;
		};
		4D98BCE11762654C004FA922 /* Sources */ = {
			isa = PBXSourcesBuildPhase;
			buildActionMask = 2147483647;
			files = (
				4D98BCF01762654C004FA922 /* main.m in Sources */,
				4D98BCF41762654C004FA922 /* SIMAppDelegate.m in Sources */,
				4D67092C17626BAE00729623 /* SIMAbstractAsyncTestCase.m in Sources */,
				4D67092D17626BAE00729623 /* SIMAbstractTestCase.m in Sources */,
				4D67094C17626D8300729623 /* SIMCreditCardValidatorTest.m in Sources */,
				4D67095317662A4400729623 /* NSString+Simplify.m in Sources */,
				4D67095517662A5B00729623 /* Simplify.m in Sources */,
				4D67095717662A5E00729623 /* SimplifyPrivate.m in Sources */,
				4D49D8341767671C0046E638 /* SIMLuhnValidatorTest.m in Sources */,
				4D49D83A17676D9F0046E638 /* SIMCurrentTimeProvider.m in Sources */,
				4D49D8591767A63D0046E638 /* UIView+Additions.m in Sources */,
				AA19F8A0DE20E89B1B1F9542 /* SIMCardTokenTest.m in Sources */,
				4D49D86B1767BE750046E638 /* UIColor+Additions.m in Sources */,
				4D49D8751767C5840046E638 /* SIMGradientView.m in Sources */,
				4D49D8791767C5840046E638 /* SIMHighlightView.m in Sources */,
				4D49D87D1767C5840046E638 /* SIMLayeredButton.m in Sources */,
				AA19F4BB3414FC5DC3E38145 /* SIMCardToken.m in Sources */,
				74F8D8E21767CB21006FB417 /* SIMCreditCardNetwork.m in Sources */,
				4D49D8831767C82A0046E638 /* SIMShapeView.m in Sources */,
				4D412DAA1767D77E002A20D7 /* SIMCreditCardValidator.m in Sources */,
				4DDFADDB1767D90F0030CCD5 /* SIMLuhnValidator.m in Sources */,
				4DE8866D17692DF200E60C81 /* SIMTextField.m in Sources */,
				AA19F9FEF1109B08DDE56661 /* SIMCreditCardEntryModel.m in Sources */,
				AA19FF652BF3E3D24DF36CC5 /* SIMCreditCardEntryView.m in Sources */,
				AA19FCB5F06740B55134824C /* SIMCreditCardEntryViewController.m in Sources */,
				AA19FCCB77404A18BE9E412D /* SIMCreditCardEntryModelTest.m in Sources */,
				AA19F788006DC7FCC54C575D /* SIMAddressEntryView.m in Sources */,
				AA19FA54F9BED00867167E0D /* SIMTextFieldModel.m in Sources */,
				AA19FCBC81533144EFC50009 /* SIMTextFieldFactory.m in Sources */,
			);
			runOnlyForDeploymentPostprocessing = 0;
		};
		4DDB652F17623DD800871923 /* Sources */ = {
			isa = PBXSourcesBuildPhase;
			buildActionMask = 2147483647;
			files = (
				4DDB653E17623DD800871923 /* Simplify.m in Sources */,
				4D98BCA017625D88004FA922 /* SimplifyPrivate.m in Sources */,
				4D6709211762687800729623 /* SIMCreditCardValidator.m in Sources */,
				4D67095117662A4400729623 /* NSString+Simplify.m in Sources */,
				4D49D83817676D9F0046E638 /* SIMCurrentTimeProvider.m in Sources */,
				4D49D8571767A63D0046E638 /* UIView+Additions.m in Sources */,
				AA19F88E2A3D2D64C72A47BD /* SIMCreditCardNetwork.m in Sources */,
				4D49D8691767BE750046E638 /* UIColor+Additions.m in Sources */,
				4D49D8731767C5840046E638 /* SIMGradientView.m in Sources */,
				4D49D8771767C5840046E638 /* SIMHighlightView.m in Sources */,
				4D49D87B1767C5840046E638 /* SIMLayeredButton.m in Sources */,
				AA19F71EE68D071016BB8302 /* SIMCardToken.m in Sources */,
				4D49D8811767C82A0046E638 /* SIMShapeView.m in Sources */,
				4D412DA81767D764002A20D7 /* SIMLuhnValidator.m in Sources */,
				4DE8866B17692DF200E60C81 /* SIMTextField.m in Sources */,
				AA19FAF9BB10F2CBC2BF1807 /* SIMCreditCardEntryModel.m in Sources */,
				AA19FA91C1FECAEECFA91146 /* SIMCreditCardEntryView.m in Sources */,
				AA19FBABED9287A93D2DD2EC /* SIMCreditCardEntryViewController.m in Sources */,
				AA19F0154721DCEFDAA34FE9 /* SIMAddressEntryView.m in Sources */,
				AA19F11EC8CB1F4AAEBD6460 /* SIMTextFieldModel.m in Sources */,
				AA19F299439DA26289976E68 /* SIMTextFieldFactory.m in Sources */,
			);
			runOnlyForDeploymentPostprocessing = 0;
		};
/* End PBXSourcesBuildPhase section */

/* Begin PBXTargetDependency section */
		4D49D8641767BB030046E638 /* PBXTargetDependency */ = {
			isa = PBXTargetDependency;
			target = 4D98BC8D176258FE004FA922 /* SimplifyBundle */;
			targetProxy = 4D49D8631767BB030046E638 /* PBXContainerItemProxy */;
		};
		4D98BC8817624AB7004FA922 /* PBXTargetDependency */ = {
			isa = PBXTargetDependency;
			target = 4DDB653217623DD800871923 /* Simplify */;
			targetProxy = 4D98BC8717624AB7004FA922 /* PBXContainerItemProxy */;
		};
		4D98BC9C17625C3D004FA922 /* PBXTargetDependency */ = {
			isa = PBXTargetDependency;
			target = 4D98BC8D176258FE004FA922 /* SimplifyBundle */;
			targetProxy = 4D98BC9B17625C3D004FA922 /* PBXContainerItemProxy */;
		};
/* End PBXTargetDependency section */

/* Begin PBXVariantGroup section */
		4D98BC94176258FE004FA922 /* InfoPlist.strings */ = {
			isa = PBXVariantGroup;
			children = (
				4D98BC95176258FE004FA922 /* en */,
			);
			name = InfoPlist.strings;
			sourceTree = "<group>";
		};
		4D98BCAF17626380004FA922 /* InfoPlist.strings */ = {
			isa = PBXVariantGroup;
			children = (
				4D98BCB017626380004FA922 /* en */,
			);
			name = InfoPlist.strings;
			sourceTree = "<group>";
		};
		4D98BCEC1762654C004FA922 /* InfoPlist.strings */ = {
			isa = PBXVariantGroup;
			children = (
				4D98BCED1762654C004FA922 /* en */,
			);
			name = InfoPlist.strings;
			sourceTree = "<group>";
		};
/* End PBXVariantGroup section */

/* Begin XCBuildConfiguration section */
		4D98BC8417624AAB004FA922 /* Debug */ = {
			isa = XCBuildConfiguration;
			buildSettings = {
				PRODUCT_NAME = "$(TARGET_NAME)";
			};
			name = Debug;
		};
		4D98BC8517624AAB004FA922 /* Release */ = {
			isa = XCBuildConfiguration;
			buildSettings = {
				PRODUCT_NAME = "$(TARGET_NAME)";
			};
			name = Release;
		};
		4D98BC99176258FE004FA922 /* Debug */ = {
			isa = XCBuildConfiguration;
			buildSettings = {
				COMBINE_HIDPI_IMAGES = YES;
				GCC_ENABLE_OBJC_EXCEPTIONS = YES;
				GCC_PRECOMPILE_PREFIX_HEADER = YES;
				GCC_PREFIX_HEADER = "SimplifyBundle/SimplifyBundle-Prefix.pch";
				GCC_WARN_64_TO_32_BIT_CONVERSION = YES;
				INFOPLIST_FILE = "SimplifyBundle/SimplifyBundle-Info.plist";
				INSTALL_PATH = "$(LOCAL_LIBRARY_DIR)/Bundles";
				MACOSX_DEPLOYMENT_TARGET = 10.8;
				ONLY_ACTIVE_ARCH = NO;
				PRODUCT_NAME = Simplify;
				WRAPPER_EXTENSION = bundle;
			};
			name = Debug;
		};
		4D98BC9A176258FE004FA922 /* Release */ = {
			isa = XCBuildConfiguration;
			buildSettings = {
				COMBINE_HIDPI_IMAGES = YES;
				COPY_PHASE_STRIP = YES;
				DEBUG_INFORMATION_FORMAT = "dwarf-with-dsym";
				GCC_ENABLE_OBJC_EXCEPTIONS = YES;
				GCC_PRECOMPILE_PREFIX_HEADER = YES;
				GCC_PREFIX_HEADER = "SimplifyBundle/SimplifyBundle-Prefix.pch";
				GCC_WARN_64_TO_32_BIT_CONVERSION = YES;
				INFOPLIST_FILE = "SimplifyBundle/SimplifyBundle-Info.plist";
				INSTALL_PATH = "$(LOCAL_LIBRARY_DIR)/Bundles";
				MACOSX_DEPLOYMENT_TARGET = 10.8;
				ONLY_ACTIVE_ARCH = NO;
				PRODUCT_NAME = Simplify;
				WRAPPER_EXTENSION = bundle;
			};
			name = Release;
		};
		4D98BCBF17626380004FA922 /* Debug */ = {
			isa = XCBuildConfiguration;
			buildSettings = {
				"CODE_SIGN_IDENTITY[sdk=iphoneos*]" = "iPhone Developer";
				GCC_PRECOMPILE_PREFIX_HEADER = YES;
				GCC_PREFIX_HEADER = "SimplifyExample/SimplifyExample-Prefix.pch";
				INFOPLIST_FILE = "SimplifyExample/SimplifyExample-Info.plist";
				PRODUCT_NAME = "$(TARGET_NAME)";
				WRAPPER_EXTENSION = app;
			};
			name = Debug;
		};
		4D98BCC017626380004FA922 /* Release */ = {
			isa = XCBuildConfiguration;
			buildSettings = {
				"CODE_SIGN_IDENTITY[sdk=iphoneos*]" = "iPhone Developer";
				COPY_PHASE_STRIP = YES;
				GCC_PRECOMPILE_PREFIX_HEADER = YES;
				GCC_PREFIX_HEADER = "SimplifyExample/SimplifyExample-Prefix.pch";
				INFOPLIST_FILE = "SimplifyExample/SimplifyExample-Info.plist";
				OTHER_CFLAGS = "-DNS_BLOCK_ASSERTIONS=1";
				PRODUCT_NAME = "$(TARGET_NAME)";
				WRAPPER_EXTENSION = app;
			};
			name = Release;
		};
		4D98BCFC1762654C004FA922 /* Debug */ = {
			isa = XCBuildConfiguration;
			buildSettings = {
				"CODE_SIGN_IDENTITY[sdk=iphoneos*]" = "iPhone Developer";
				FRAMEWORK_SEARCH_PATHS = (
					"$(inherited)",
					"\"$(SRCROOT)/Frameworks\"",
				);
				GCC_PRECOMPILE_PREFIX_HEADER = YES;
				GCC_PREFIX_HEADER = "SimplifyTests/SimplifyTests-Prefix.pch";
				INFOPLIST_FILE = "SimplifyTests/SimplifyTests-Info.plist";
				LIBRARY_SEARCH_PATHS = (
					"$(inherited)",
					"\"$(SRCROOT)/Frameworks\"",
				);
				OTHER_LDFLAGS = (
					"-ObjC",
					"-all_load",
				);
				PRODUCT_NAME = "$(TARGET_NAME)";
				WRAPPER_EXTENSION = app;
			};
			name = Debug;
		};
		4D98BCFD1762654C004FA922 /* Release */ = {
			isa = XCBuildConfiguration;
			buildSettings = {
				"CODE_SIGN_IDENTITY[sdk=iphoneos*]" = "iPhone Developer";
				COPY_PHASE_STRIP = YES;
				FRAMEWORK_SEARCH_PATHS = (
					"$(inherited)",
					"\"$(SRCROOT)/Frameworks\"",
				);
				GCC_PRECOMPILE_PREFIX_HEADER = YES;
				GCC_PREFIX_HEADER = "SimplifyTests/SimplifyTests-Prefix.pch";
				INFOPLIST_FILE = "SimplifyTests/SimplifyTests-Info.plist";
				LIBRARY_SEARCH_PATHS = (
					"$(inherited)",
					"\"$(SRCROOT)/Frameworks\"",
				);
				OTHER_CFLAGS = "-DNS_BLOCK_ASSERTIONS=1";
				OTHER_LDFLAGS = (
					"-ObjC",
					"-all_load",
				);
				PRODUCT_NAME = "$(TARGET_NAME)";
				WRAPPER_EXTENSION = app;
			};
			name = Release;
		};
		4DDB653F17623DD800871923 /* Debug */ = {
			isa = XCBuildConfiguration;
			buildSettings = {
				ALWAYS_SEARCH_USER_PATHS = NO;
				CLANG_CXX_LANGUAGE_STANDARD = "gnu++0x";
				CLANG_CXX_LIBRARY = "libc++";
				CLANG_ENABLE_OBJC_ARC = YES;
				CLANG_WARN_CONSTANT_CONVERSION = YES;
				CLANG_WARN_EMPTY_BODY = YES;
				CLANG_WARN_ENUM_CONVERSION = YES;
				CLANG_WARN_INT_CONVERSION = YES;
				CLANG_WARN__DUPLICATE_METHOD_MATCH = YES;
				COPY_PHASE_STRIP = NO;
				DEAD_CODE_STRIPPING = NO;
				GCC_C_LANGUAGE_STANDARD = gnu99;
				GCC_DYNAMIC_NO_PIC = NO;
				GCC_OPTIMIZATION_LEVEL = 0;
				GCC_PREPROCESSOR_DEFINITIONS = (
					"DEBUG=1",
					"$(inherited)",
				);
				GCC_SYMBOLS_PRIVATE_EXTERN = NO;
				GCC_WARN_ABOUT_RETURN_TYPE = YES;
				GCC_WARN_UNINITIALIZED_AUTOS = YES;
				GCC_WARN_UNUSED_VARIABLE = YES;
				IPHONEOS_DEPLOYMENT_TARGET = 6.1;
				ONLY_ACTIVE_ARCH = YES;
				SDKROOT = iphoneos;
				STRIP_STYLE = "non-global";
			};
			name = Debug;
		};
		4DDB654017623DD800871923 /* Release */ = {
			isa = XCBuildConfiguration;
			buildSettings = {
				ALWAYS_SEARCH_USER_PATHS = NO;
				CLANG_CXX_LANGUAGE_STANDARD = "gnu++0x";
				CLANG_CXX_LIBRARY = "libc++";
				CLANG_ENABLE_OBJC_ARC = YES;
				CLANG_WARN_CONSTANT_CONVERSION = YES;
				CLANG_WARN_EMPTY_BODY = YES;
				CLANG_WARN_ENUM_CONVERSION = YES;
				CLANG_WARN_INT_CONVERSION = YES;
				CLANG_WARN__DUPLICATE_METHOD_MATCH = YES;
				COPY_PHASE_STRIP = NO;
				DEAD_CODE_STRIPPING = NO;
				GCC_C_LANGUAGE_STANDARD = gnu99;
				GCC_WARN_ABOUT_RETURN_TYPE = YES;
				GCC_WARN_UNINITIALIZED_AUTOS = YES;
				GCC_WARN_UNUSED_VARIABLE = YES;
				IPHONEOS_DEPLOYMENT_TARGET = 6.1;
				SDKROOT = iphoneos;
				STRIP_STYLE = "non-global";
				VALIDATE_PRODUCT = YES;
			};
			name = Release;
		};
		4DDB654217623DD800871923 /* Debug */ = {
			isa = XCBuildConfiguration;
			buildSettings = {
				DSTROOT = /tmp/Simplify.dst;
				GCC_PRECOMPILE_PREFIX_HEADER = YES;
				GCC_PREFIX_HEADER = "Simplify/Simplify-Prefix.pch";
				OTHER_LDFLAGS = "-ObjC";
				PRODUCT_NAME = "$(TARGET_NAME)";
				PUBLIC_HEADERS_FOLDER_PATH = "$(PROJECT_NAME)Headers";
				SKIP_INSTALL = YES;
			};
			name = Debug;
		};
		4DDB654317623DD800871923 /* Release */ = {
			isa = XCBuildConfiguration;
			buildSettings = {
				DSTROOT = /tmp/Simplify.dst;
				GCC_PRECOMPILE_PREFIX_HEADER = YES;
				GCC_PREFIX_HEADER = "Simplify/Simplify-Prefix.pch";
				OTHER_LDFLAGS = "-ObjC";
				PRODUCT_NAME = "$(TARGET_NAME)";
				PUBLIC_HEADERS_FOLDER_PATH = "$(PROJECT_NAME)Headers";
				SKIP_INSTALL = YES;
			};
			name = Release;
		};
/* End XCBuildConfiguration section */

/* Begin XCConfigurationList section */
		4D98BC8617624AAB004FA922 /* Build configuration list for PBXAggregateTarget "SimplifyFramework" */ = {
			isa = XCConfigurationList;
			buildConfigurations = (
				4D98BC8417624AAB004FA922 /* Debug */,
				4D98BC8517624AAB004FA922 /* Release */,
			);
			defaultConfigurationIsVisible = 0;
			defaultConfigurationName = Release;
		};
		4D98BC98176258FE004FA922 /* Build configuration list for PBXNativeTarget "SimplifyBundle" */ = {
			isa = XCConfigurationList;
			buildConfigurations = (
				4D98BC99176258FE004FA922 /* Debug */,
				4D98BC9A176258FE004FA922 /* Release */,
			);
			defaultConfigurationIsVisible = 0;
			defaultConfigurationName = Release;
		};
		4D98BCBE17626380004FA922 /* Build configuration list for PBXNativeTarget "SimplifyExample" */ = {
			isa = XCConfigurationList;
			buildConfigurations = (
				4D98BCBF17626380004FA922 /* Debug */,
				4D98BCC017626380004FA922 /* Release */,
			);
			defaultConfigurationIsVisible = 0;
			defaultConfigurationName = Release;
		};
		4D98BCFB1762654C004FA922 /* Build configuration list for PBXNativeTarget "SimplifyTests" */ = {
			isa = XCConfigurationList;
			buildConfigurations = (
				4D98BCFC1762654C004FA922 /* Debug */,
				4D98BCFD1762654C004FA922 /* Release */,
			);
			defaultConfigurationIsVisible = 0;
			defaultConfigurationName = Release;
		};
		4DDB652E17623DD800871923 /* Build configuration list for PBXProject "Simplify" */ = {
			isa = XCConfigurationList;
			buildConfigurations = (
				4DDB653F17623DD800871923 /* Debug */,
				4DDB654017623DD800871923 /* Release */,
			);
			defaultConfigurationIsVisible = 0;
			defaultConfigurationName = Release;
		};
		4DDB654117623DD800871923 /* Build configuration list for PBXNativeTarget "Simplify" */ = {
			isa = XCConfigurationList;
			buildConfigurations = (
				4DDB654217623DD800871923 /* Debug */,
				4DDB654317623DD800871923 /* Release */,
			);
			defaultConfigurationIsVisible = 0;
			defaultConfigurationName = Release;
		};
/* End XCConfigurationList section */
	};
	rootObject = 4DDB652B17623DD800871923 /* Project object */;
}
